// !$*UTF8*$!
{
	archiveVersion = 1;
	classes = {
	};
	objectVersion = 46;
	objects = {

/* Begin PBXBuildFile section */
		C1197FAE1D4D0BA2006DA0EF /* NSDBaseNavigatorController.m in Sources */ = {isa = PBXBuildFile; fileRef = C1197FAD1D4D0BA2006DA0EF /* NSDBaseNavigatorController.m */; };
		C1197FB01D4D299B006DA0EF /* NSDProgressCell.xib in Resources */ = {isa = PBXBuildFile; fileRef = C1197FAF1D4D299B006DA0EF /* NSDProgressCell.xib */; };
		C1BB0FC71D481EBB000312C1 /* AppDelegate.m in Sources */ = {isa = PBXBuildFile; fileRef = C1BB0FC61D481EBB000312C1 /* AppDelegate.m */; };
		C1BB0FC91D481ED7000312C1 /* Assets.xcassets in Resources */ = {isa = PBXBuildFile; fileRef = C1BB0FC81D481ED7000312C1 /* Assets.xcassets */; };
		C1BB0FCF1D481EE3000312C1 /* Main.storyboard in Resources */ = {isa = PBXBuildFile; fileRef = C1BB0FCD1D481EE3000312C1 /* Main.storyboard */; };
		C1BB0FF51D481F00000312C1 /* main.m in Sources */ = {isa = PBXBuildFile; fileRef = C1BB0FD21D481EFF000312C1 /* main.m */; };
		C1BB0FF61D481F00000312C1 /* NSDBaseViewController.m in Sources */ = {isa = PBXBuildFile; fileRef = C1BB0FD41D481EFF000312C1 /* NSDBaseViewController.m */; };
		C1BB0FF71D481F00000312C1 /* NSDChacheController.m in Sources */ = {isa = PBXBuildFile; fileRef = C1BB0FD61D481EFF000312C1 /* NSDChacheController.m */; };
		C1BB0FF81D481F00000312C1 /* NSDGitConstants.m in Sources */ = {isa = PBXBuildFile; fileRef = C1BB0FD81D481EFF000312C1 /* NSDGitConstants.m */; };
		C1BB0FF91D481F00000312C1 /* NSDGitManager.m in Sources */ = {isa = PBXBuildFile; fileRef = C1BB0FDB1D481EFF000312C1 /* NSDGitManager.m */; };
		C1BB0FFA1D481F00000312C1 /* NSDictionary+NSDNetworkConnection.m in Sources */ = {isa = PBXBuildFile; fileRef = C1BB0FDD1D481EFF000312C1 /* NSDictionary+NSDNetworkConnection.m */; };
		C1BB0FFB1D481F00000312C1 /* NSDMenuViewController.m in Sources */ = {isa = PBXBuildFile; fileRef = C1BB0FDF1D481EFF000312C1 /* NSDMenuViewController.m */; };
		C1BB0FFC1D481F00000312C1 /* NSDNetworkController.m in Sources */ = {isa = PBXBuildFile; fileRef = C1BB0FE11D481EFF000312C1 /* NSDNetworkController.m */; };
		C1BB0FFD1D481F00000312C1 /* NSDOAuthViewController.m in Sources */ = {isa = PBXBuildFile; fileRef = C1BB0FE31D481EFF000312C1 /* NSDOAuthViewController.m */; };
		C1BB0FFF1D481F00000312C1 /* NSDUser.m in Sources */ = {isa = PBXBuildFile; fileRef = C1BB0FE71D481F00000312C1 /* NSDUser.m */; };
		C1BB10001D481F00000312C1 /* NSDUser+NSDInitUserWithDictionary.m in Sources */ = {isa = PBXBuildFile; fileRef = C1BB0FE91D481F00000312C1 /* NSDUser+NSDInitUserWithDictionary.m */; };
		C1BB10011D481F00000312C1 /* NSDUserCell.m in Sources */ = {isa = PBXBuildFile; fileRef = C1BB0FEB1D481F00000312C1 /* NSDUserCell.m */; };
		C1BB10021D481F00000312C1 /* NSDUserCell.xib in Resources */ = {isa = PBXBuildFile; fileRef = C1BB0FEC1D481F00000312C1 /* NSDUserCell.xib */; };
		C1BB10051D481F00000312C1 /* NSMutableURLRequest+NSDNetworkConnection.m in Sources */ = {isa = PBXBuildFile; fileRef = C1BB0FF21D481F00000312C1 /* NSMutableURLRequest+NSDNetworkConnection.m */; };
		C1BB10061D481F00000312C1 /* NSURL+NSDNetworkConnection.m in Sources */ = {isa = PBXBuildFile; fileRef = C1BB0FF41D481F00000312C1 /* NSURL+NSDNetworkConnection.m */; };
		C1BBE1B21D46D4C0001B0334 /* logo.png in Resources */ = {isa = PBXBuildFile; fileRef = C1BBE1B11D46D4C0001B0334 /* logo.png */; };
		C1C3BE3D1D436BDE001A0E50 /* gitClientTests.m in Sources */ = {isa = PBXBuildFile; fileRef = C1C3BE3C1D436BDE001A0E50 /* gitClientTests.m */; };
		C1F3DFFE1D4C964600BC8556 /* NSDNotificationsViewController.m in Sources */ = {isa = PBXBuildFile; fileRef = C1F3DFFD1D4C964600BC8556 /* NSDNotificationsViewController.m */; };
		C1F3E00D1D4C966600BC8556 /* Info.plist in Resources */ = {isa = PBXBuildFile; fileRef = C1F3DFFF1D4C966600BC8556 /* Info.plist */; };
		C1F3E00E1D4C966600BC8556 /* NSDSlideNavigationContorllerAnimatorFade.m in Sources */ = {isa = PBXBuildFile; fileRef = C1F3E0021D4C966600BC8556 /* NSDSlideNavigationContorllerAnimatorFade.m */; };
		C1F3E00F1D4C966600BC8556 /* NSDSlideNavigationContorllerAnimatorScale.m in Sources */ = {isa = PBXBuildFile; fileRef = C1F3E0041D4C966600BC8556 /* NSDSlideNavigationContorllerAnimatorScale.m */; };
		C1F3E0101D4C966600BC8556 /* NSDSlideNavigationContorllerAnimatorScaleAndFade.m in Sources */ = {isa = PBXBuildFile; fileRef = C1F3E0061D4C966600BC8556 /* NSDSlideNavigationContorllerAnimatorScaleAndFade.m */; };
		C1F3E0111D4C966600BC8556 /* NSDSlideNavigationContorllerAnimatorSlide.m in Sources */ = {isa = PBXBuildFile; fileRef = C1F3E0081D4C966600BC8556 /* NSDSlideNavigationContorllerAnimatorSlide.m */; };
		C1F3E0121D4C966600BC8556 /* NSDSlideNavigationContorllerAnimatorSlideAndFade.m in Sources */ = {isa = PBXBuildFile; fileRef = C1F3E00A1D4C966600BC8556 /* NSDSlideNavigationContorllerAnimatorSlideAndFade.m */; };
		C1F3E0131D4C966600BC8556 /* NSDSlideNavigatorController.m in Sources */ = {isa = PBXBuildFile; fileRef = C1F3E00C1D4C966600BC8556 /* NSDSlideNavigatorController.m */; };
		C1FA3EB81D4A071700E9D7B8 /* LaunchScreen.storyboard in Resources */ = {isa = PBXBuildFile; fileRef = C1FA3EB71D4A071700E9D7B8 /* LaunchScreen.storyboard */; };
		C1FA3EC31D4A136B00E9D7B8 /* NSDRepo.m in Sources */ = {isa = PBXBuildFile; fileRef = C1FA3EBE1D4A136B00E9D7B8 /* NSDRepo.m */; };
		C1FA3EC41D4A136B00E9D7B8 /* NSDRepo+InitWithDictionary.m in Sources */ = {isa = PBXBuildFile; fileRef = C1FA3EC01D4A136B00E9D7B8 /* NSDRepo+InitWithDictionary.m */; };
		C1FA3EC51D4A136B00E9D7B8 /* NSDRepoCell.m in Sources */ = {isa = PBXBuildFile; fileRef = C1FA3EC21D4A136B00E9D7B8 /* NSDRepoCell.m */; };
		C1FA3EC71D4A139800E9D7B8 /* NSDRepoCell.xib in Resources */ = {isa = PBXBuildFile; fileRef = C1FA3EC61D4A139800E9D7B8 /* NSDRepoCell.xib */; };
/* End PBXBuildFile section */

/* Begin PBXContainerItemProxy section */
		C1C3BE391D436BDE001A0E50 /* PBXContainerItemProxy */ = {
			isa = PBXContainerItemProxy;
			containerPortal = C1C3BE171D436BDE001A0E50 /* Project object */;
			proxyType = 1;
			remoteGlobalIDString = C1C3BE1E1D436BDE001A0E50;
			remoteInfo = gitClient;
		};
/* End PBXContainerItemProxy section */

/* Begin PBXFileReference section */
		C1197FAC1D4D0BA2006DA0EF /* NSDBaseNavigatorController.h */ = {isa = PBXFileReference; fileEncoding = 4; lastKnownFileType = sourcecode.c.h; path = NSDBaseNavigatorController.h; sourceTree = "<group>"; };
		C1197FAD1D4D0BA2006DA0EF /* NSDBaseNavigatorController.m */ = {isa = PBXFileReference; fileEncoding = 4; lastKnownFileType = sourcecode.c.objc; path = NSDBaseNavigatorController.m; sourceTree = "<group>"; };
		C1197FAF1D4D299B006DA0EF /* NSDProgressCell.xib */ = {isa = PBXFileReference; fileEncoding = 4; lastKnownFileType = file.xib; path = NSDProgressCell.xib; sourceTree = "<group>"; };
		C1BB0FC51D481EBB000312C1 /* AppDelegate.h */ = {isa = PBXFileReference; fileEncoding = 4; lastKnownFileType = sourcecode.c.h; name = AppDelegate.h; path = gitClient/AppDelegate.h; sourceTree = "<group>"; };
		C1BB0FC61D481EBB000312C1 /* AppDelegate.m */ = {isa = PBXFileReference; fileEncoding = 4; lastKnownFileType = sourcecode.c.objc; name = AppDelegate.m; path = gitClient/AppDelegate.m; sourceTree = "<group>"; };
		C1BB0FC81D481ED7000312C1 /* Assets.xcassets */ = {isa = PBXFileReference; lastKnownFileType = folder.assetcatalog; name = Assets.xcassets; path = gitClient/Assets.xcassets; sourceTree = "<group>"; };
		C1BB0FCE1D481EE3000312C1 /* Base */ = {isa = PBXFileReference; lastKnownFileType = file.storyboard; name = Base; path = gitClient/Base.lproj/Main.storyboard; sourceTree = "<group>"; };
		C1BB0FD21D481EFF000312C1 /* main.m */ = {isa = PBXFileReference; fileEncoding = 4; lastKnownFileType = sourcecode.c.objc; name = main.m; path = gitClient/main.m; sourceTree = "<group>"; };
		C1BB0FD31D481EFF000312C1 /* NSDBaseViewController.h */ = {isa = PBXFileReference; fileEncoding = 4; lastKnownFileType = sourcecode.c.h; name = NSDBaseViewController.h; path = gitClient/NSDBaseViewController.h; sourceTree = "<group>"; };
		C1BB0FD41D481EFF000312C1 /* NSDBaseViewController.m */ = {isa = PBXFileReference; fileEncoding = 4; lastKnownFileType = sourcecode.c.objc; name = NSDBaseViewController.m; path = gitClient/NSDBaseViewController.m; sourceTree = "<group>"; };
		C1BB0FD51D481EFF000312C1 /* NSDChacheController.h */ = {isa = PBXFileReference; fileEncoding = 4; lastKnownFileType = sourcecode.c.h; name = NSDChacheController.h; path = gitClient/NSDChacheController.h; sourceTree = "<group>"; };
		C1BB0FD61D481EFF000312C1 /* NSDChacheController.m */ = {isa = PBXFileReference; fileEncoding = 4; lastKnownFileType = sourcecode.c.objc; name = NSDChacheController.m; path = gitClient/NSDChacheController.m; sourceTree = "<group>"; };
		C1BB0FD71D481EFF000312C1 /* NSDGitConstants.h */ = {isa = PBXFileReference; fileEncoding = 4; lastKnownFileType = sourcecode.c.h; name = NSDGitConstants.h; path = gitClient/NSDGitConstants.h; sourceTree = "<group>"; };
		C1BB0FD81D481EFF000312C1 /* NSDGitConstants.m */ = {isa = PBXFileReference; fileEncoding = 4; lastKnownFileType = sourcecode.c.objc; name = NSDGitConstants.m; path = gitClient/NSDGitConstants.m; sourceTree = "<group>"; };
		C1BB0FD91D481EFF000312C1 /* NSDGitManager_Private.h */ = {isa = PBXFileReference; fileEncoding = 4; lastKnownFileType = sourcecode.c.h; name = NSDGitManager_Private.h; path = gitClient/NSDGitManager_Private.h; sourceTree = "<group>"; };
		C1BB0FDA1D481EFF000312C1 /* NSDGitManager.h */ = {isa = PBXFileReference; fileEncoding = 4; lastKnownFileType = sourcecode.c.h; name = NSDGitManager.h; path = gitClient/NSDGitManager.h; sourceTree = "<group>"; };
		C1BB0FDB1D481EFF000312C1 /* NSDGitManager.m */ = {isa = PBXFileReference; fileEncoding = 4; lastKnownFileType = sourcecode.c.objc; name = NSDGitManager.m; path = gitClient/NSDGitManager.m; sourceTree = "<group>"; };
		C1BB0FDC1D481EFF000312C1 /* NSDictionary+NSDNetworkConnection.h */ = {isa = PBXFileReference; fileEncoding = 4; lastKnownFileType = sourcecode.c.h; name = "NSDictionary+NSDNetworkConnection.h"; path = "gitClient/NSDictionary+NSDNetworkConnection.h"; sourceTree = "<group>"; };
		C1BB0FDD1D481EFF000312C1 /* NSDictionary+NSDNetworkConnection.m */ = {isa = PBXFileReference; fileEncoding = 4; lastKnownFileType = sourcecode.c.objc; name = "NSDictionary+NSDNetworkConnection.m"; path = "gitClient/NSDictionary+NSDNetworkConnection.m"; sourceTree = "<group>"; };
		C1BB0FDE1D481EFF000312C1 /* NSDMenuViewController.h */ = {isa = PBXFileReference; fileEncoding = 4; lastKnownFileType = sourcecode.c.h; name = NSDMenuViewController.h; path = gitClient/NSDMenuViewController.h; sourceTree = "<group>"; };
		C1BB0FDF1D481EFF000312C1 /* NSDMenuViewController.m */ = {isa = PBXFileReference; fileEncoding = 4; lastKnownFileType = sourcecode.c.objc; name = NSDMenuViewController.m; path = gitClient/NSDMenuViewController.m; sourceTree = "<group>"; };
		C1BB0FE01D481EFF000312C1 /* NSDNetworkController.h */ = {isa = PBXFileReference; fileEncoding = 4; lastKnownFileType = sourcecode.c.h; name = NSDNetworkController.h; path = gitClient/NSDNetworkController.h; sourceTree = "<group>"; };
		C1BB0FE11D481EFF000312C1 /* NSDNetworkController.m */ = {isa = PBXFileReference; fileEncoding = 4; lastKnownFileType = sourcecode.c.objc; name = NSDNetworkController.m; path = gitClient/NSDNetworkController.m; sourceTree = "<group>"; };
		C1BB0FE21D481EFF000312C1 /* NSDOAuthViewController.h */ = {isa = PBXFileReference; fileEncoding = 4; lastKnownFileType = sourcecode.c.h; name = NSDOAuthViewController.h; path = gitClient/NSDOAuthViewController.h; sourceTree = "<group>"; };
		C1BB0FE31D481EFF000312C1 /* NSDOAuthViewController.m */ = {isa = PBXFileReference; fileEncoding = 4; lastKnownFileType = sourcecode.c.objc; name = NSDOAuthViewController.m; path = gitClient/NSDOAuthViewController.m; sourceTree = "<group>"; };
		C1BB0FE61D481F00000312C1 /* NSDUser.h */ = {isa = PBXFileReference; fileEncoding = 4; lastKnownFileType = sourcecode.c.h; name = NSDUser.h; path = gitClient/NSDUser.h; sourceTree = "<group>"; };
		C1BB0FE71D481F00000312C1 /* NSDUser.m */ = {isa = PBXFileReference; fileEncoding = 4; lastKnownFileType = sourcecode.c.objc; name = NSDUser.m; path = gitClient/NSDUser.m; sourceTree = "<group>"; };
		C1BB0FE81D481F00000312C1 /* NSDUser+NSDInitUserWithDictionary.h */ = {isa = PBXFileReference; fileEncoding = 4; lastKnownFileType = sourcecode.c.h; name = "NSDUser+NSDInitUserWithDictionary.h"; path = "gitClient/NSDUser+NSDInitUserWithDictionary.h"; sourceTree = "<group>"; };
		C1BB0FE91D481F00000312C1 /* NSDUser+NSDInitUserWithDictionary.m */ = {isa = PBXFileReference; fileEncoding = 4; lastKnownFileType = sourcecode.c.objc; name = "NSDUser+NSDInitUserWithDictionary.m"; path = "gitClient/NSDUser+NSDInitUserWithDictionary.m"; sourceTree = "<group>"; };
		C1BB0FEA1D481F00000312C1 /* NSDUserCell.h */ = {isa = PBXFileReference; fileEncoding = 4; lastKnownFileType = sourcecode.c.h; name = NSDUserCell.h; path = gitClient/NSDUserCell.h; sourceTree = "<group>"; };
		C1BB0FEB1D481F00000312C1 /* NSDUserCell.m */ = {isa = PBXFileReference; fileEncoding = 4; lastKnownFileType = sourcecode.c.objc; name = NSDUserCell.m; path = gitClient/NSDUserCell.m; sourceTree = "<group>"; };
		C1BB0FEC1D481F00000312C1 /* NSDUserCell.xib */ = {isa = PBXFileReference; fileEncoding = 4; lastKnownFileType = file.xib; name = NSDUserCell.xib; path = gitClient/NSDUserCell.xib; sourceTree = "<group>"; };
		C1BB0FF11D481F00000312C1 /* NSMutableURLRequest+NSDNetworkConnection.h */ = {isa = PBXFileReference; fileEncoding = 4; lastKnownFileType = sourcecode.c.h; name = "NSMutableURLRequest+NSDNetworkConnection.h"; path = "gitClient/NSMutableURLRequest+NSDNetworkConnection.h"; sourceTree = "<group>"; };
		C1BB0FF21D481F00000312C1 /* NSMutableURLRequest+NSDNetworkConnection.m */ = {isa = PBXFileReference; fileEncoding = 4; lastKnownFileType = sourcecode.c.objc; name = "NSMutableURLRequest+NSDNetworkConnection.m"; path = "gitClient/NSMutableURLRequest+NSDNetworkConnection.m"; sourceTree = "<group>"; };
		C1BB0FF31D481F00000312C1 /* NSURL+NSDNetworkConnection.h */ = {isa = PBXFileReference; fileEncoding = 4; lastKnownFileType = sourcecode.c.h; name = "NSURL+NSDNetworkConnection.h"; path = "gitClient/NSURL+NSDNetworkConnection.h"; sourceTree = "<group>"; };
		C1BB0FF41D481F00000312C1 /* NSURL+NSDNetworkConnection.m */ = {isa = PBXFileReference; fileEncoding = 4; lastKnownFileType = sourcecode.c.objc; name = "NSURL+NSDNetworkConnection.m"; path = "gitClient/NSURL+NSDNetworkConnection.m"; sourceTree = "<group>"; };
		C1BBE1B11D46D4C0001B0334 /* logo.png */ = {isa = PBXFileReference; lastKnownFileType = image.png; name = logo.png; path = ../../Downloads/logo.png; sourceTree = "<group>"; };
		C1C3BE1F1D436BDE001A0E50 /* gitClient.app */ = {isa = PBXFileReference; explicitFileType = wrapper.application; includeInIndex = 0; path = gitClient.app; sourceTree = BUILT_PRODUCTS_DIR; };
		C1C3BE381D436BDE001A0E50 /* gitClientTests.xctest */ = {isa = PBXFileReference; explicitFileType = wrapper.cfbundle; includeInIndex = 0; path = gitClientTests.xctest; sourceTree = BUILT_PRODUCTS_DIR; };
		C1C3BE3C1D436BDE001A0E50 /* gitClientTests.m */ = {isa = PBXFileReference; lastKnownFileType = sourcecode.c.objc; path = gitClientTests.m; sourceTree = "<group>"; };
		C1C3BE3E1D436BDE001A0E50 /* Info.plist */ = {isa = PBXFileReference; lastKnownFileType = text.plist.xml; path = Info.plist; sourceTree = "<group>"; };
		C1F3DFFC1D4C964600BC8556 /* NSDNotificationsViewController.h */ = {isa = PBXFileReference; fileEncoding = 4; lastKnownFileType = sourcecode.c.h; name = NSDNotificationsViewController.h; path = gitClient/NSDNotificationsViewController.h; sourceTree = "<group>"; };
		C1F3DFFD1D4C964600BC8556 /* NSDNotificationsViewController.m */ = {isa = PBXFileReference; fileEncoding = 4; lastKnownFileType = sourcecode.c.objc; name = NSDNotificationsViewController.m; path = gitClient/NSDNotificationsViewController.m; sourceTree = "<group>"; };
		C1F3DFFF1D4C966600BC8556 /* Info.plist */ = {isa = PBXFileReference; fileEncoding = 4; lastKnownFileType = text.plist.xml; name = Info.plist; path = gitClient/Info.plist; sourceTree = "<group>"; };
		C1F3E0001D4C966600BC8556 /* NSDSlideNavigationContorllerAnimator.h */ = {isa = PBXFileReference; fileEncoding = 4; lastKnownFileType = sourcecode.c.h; name = NSDSlideNavigationContorllerAnimator.h; path = gitClient/NSDSlideNavigationContorllerAnimator.h; sourceTree = "<group>"; };
		C1F3E0011D4C966600BC8556 /* NSDSlideNavigationContorllerAnimatorFade.h */ = {isa = PBXFileReference; fileEncoding = 4; lastKnownFileType = sourcecode.c.h; name = NSDSlideNavigationContorllerAnimatorFade.h; path = gitClient/NSDSlideNavigationContorllerAnimatorFade.h; sourceTree = "<group>"; };
		C1F3E0021D4C966600BC8556 /* NSDSlideNavigationContorllerAnimatorFade.m */ = {isa = PBXFileReference; fileEncoding = 4; lastKnownFileType = sourcecode.c.objc; name = NSDSlideNavigationContorllerAnimatorFade.m; path = gitClient/NSDSlideNavigationContorllerAnimatorFade.m; sourceTree = "<group>"; };
		C1F3E0031D4C966600BC8556 /* NSDSlideNavigationContorllerAnimatorScale.h */ = {isa = PBXFileReference; fileEncoding = 4; lastKnownFileType = sourcecode.c.h; name = NSDSlideNavigationContorllerAnimatorScale.h; path = gitClient/NSDSlideNavigationContorllerAnimatorScale.h; sourceTree = "<group>"; };
		C1F3E0041D4C966600BC8556 /* NSDSlideNavigationContorllerAnimatorScale.m */ = {isa = PBXFileReference; fileEncoding = 4; lastKnownFileType = sourcecode.c.objc; name = NSDSlideNavigationContorllerAnimatorScale.m; path = gitClient/NSDSlideNavigationContorllerAnimatorScale.m; sourceTree = "<group>"; };
		C1F3E0051D4C966600BC8556 /* NSDSlideNavigationContorllerAnimatorScaleAndFade.h */ = {isa = PBXFileReference; fileEncoding = 4; lastKnownFileType = sourcecode.c.h; name = NSDSlideNavigationContorllerAnimatorScaleAndFade.h; path = gitClient/NSDSlideNavigationContorllerAnimatorScaleAndFade.h; sourceTree = "<group>"; };
		C1F3E0061D4C966600BC8556 /* NSDSlideNavigationContorllerAnimatorScaleAndFade.m */ = {isa = PBXFileReference; fileEncoding = 4; lastKnownFileType = sourcecode.c.objc; name = NSDSlideNavigationContorllerAnimatorScaleAndFade.m; path = gitClient/NSDSlideNavigationContorllerAnimatorScaleAndFade.m; sourceTree = "<group>"; };
		C1F3E0071D4C966600BC8556 /* NSDSlideNavigationContorllerAnimatorSlide.h */ = {isa = PBXFileReference; fileEncoding = 4; lastKnownFileType = sourcecode.c.h; name = NSDSlideNavigationContorllerAnimatorSlide.h; path = gitClient/NSDSlideNavigationContorllerAnimatorSlide.h; sourceTree = "<group>"; };
		C1F3E0081D4C966600BC8556 /* NSDSlideNavigationContorllerAnimatorSlide.m */ = {isa = PBXFileReference; fileEncoding = 4; lastKnownFileType = sourcecode.c.objc; name = NSDSlideNavigationContorllerAnimatorSlide.m; path = gitClient/NSDSlideNavigationContorllerAnimatorSlide.m; sourceTree = "<group>"; };
		C1F3E0091D4C966600BC8556 /* NSDSlideNavigationContorllerAnimatorSlideAndFade.h */ = {isa = PBXFileReference; fileEncoding = 4; lastKnownFileType = sourcecode.c.h; name = NSDSlideNavigationContorllerAnimatorSlideAndFade.h; path = gitClient/NSDSlideNavigationContorllerAnimatorSlideAndFade.h; sourceTree = "<group>"; };
		C1F3E00A1D4C966600BC8556 /* NSDSlideNavigationContorllerAnimatorSlideAndFade.m */ = {isa = PBXFileReference; fileEncoding = 4; lastKnownFileType = sourcecode.c.objc; name = NSDSlideNavigationContorllerAnimatorSlideAndFade.m; path = gitClient/NSDSlideNavigationContorllerAnimatorSlideAndFade.m; sourceTree = "<group>"; };
		C1F3E00B1D4C966600BC8556 /* NSDSlideNavigatorController.h */ = {isa = PBXFileReference; fileEncoding = 4; lastKnownFileType = sourcecode.c.h; name = NSDSlideNavigatorController.h; path = gitClient/NSDSlideNavigatorController.h; sourceTree = "<group>"; };
		C1F3E00C1D4C966600BC8556 /* NSDSlideNavigatorController.m */ = {isa = PBXFileReference; fileEncoding = 4; lastKnownFileType = sourcecode.c.objc; name = NSDSlideNavigatorController.m; path = gitClient/NSDSlideNavigatorController.m; sourceTree = "<group>"; };
		C1FA3EB71D4A071700E9D7B8 /* LaunchScreen.storyboard */ = {isa = PBXFileReference; fileEncoding = 4; lastKnownFileType = file.storyboard; name = LaunchScreen.storyboard; path = gitClient/LaunchScreen.storyboard; sourceTree = "<group>"; };
		C1FA3EBD1D4A136B00E9D7B8 /* NSDRepo.h */ = {isa = PBXFileReference; fileEncoding = 4; lastKnownFileType = sourcecode.c.h; name = NSDRepo.h; path = gitClient/NSDRepo.h; sourceTree = "<group>"; };
		C1FA3EBE1D4A136B00E9D7B8 /* NSDRepo.m */ = {isa = PBXFileReference; fileEncoding = 4; lastKnownFileType = sourcecode.c.objc; name = NSDRepo.m; path = gitClient/NSDRepo.m; sourceTree = "<group>"; };
		C1FA3EBF1D4A136B00E9D7B8 /* NSDRepo+InitWithDictionary.h */ = {isa = PBXFileReference; fileEncoding = 4; lastKnownFileType = sourcecode.c.h; name = "NSDRepo+InitWithDictionary.h"; path = "gitClient/NSDRepo+InitWithDictionary.h"; sourceTree = "<group>"; };
		C1FA3EC01D4A136B00E9D7B8 /* NSDRepo+InitWithDictionary.m */ = {isa = PBXFileReference; fileEncoding = 4; lastKnownFileType = sourcecode.c.objc; name = "NSDRepo+InitWithDictionary.m"; path = "gitClient/NSDRepo+InitWithDictionary.m"; sourceTree = "<group>"; };
		C1FA3EC11D4A136B00E9D7B8 /* NSDRepoCell.h */ = {isa = PBXFileReference; fileEncoding = 4; lastKnownFileType = sourcecode.c.h; name = NSDRepoCell.h; path = gitClient/NSDRepoCell.h; sourceTree = "<group>"; };
		C1FA3EC21D4A136B00E9D7B8 /* NSDRepoCell.m */ = {isa = PBXFileReference; fileEncoding = 4; lastKnownFileType = sourcecode.c.objc; name = NSDRepoCell.m; path = gitClient/NSDRepoCell.m; sourceTree = "<group>"; };
		C1FA3EC61D4A139800E9D7B8 /* NSDRepoCell.xib */ = {isa = PBXFileReference; fileEncoding = 4; lastKnownFileType = file.xib; name = NSDRepoCell.xib; path = gitClient/NSDRepoCell.xib; sourceTree = "<group>"; };
/* End PBXFileReference section */

/* Begin PBXFrameworksBuildPhase section */
		C1C3BE1C1D436BDE001A0E50 /* Frameworks */ = {
			isa = PBXFrameworksBuildPhase;
			buildActionMask = 2147483647;
			files = (
			);
			runOnlyForDeploymentPostprocessing = 0;
		};
		C1C3BE351D436BDE001A0E50 /* Frameworks */ = {
			isa = PBXFrameworksBuildPhase;
			buildActionMask = 2147483647;
			files = (
			);
			runOnlyForDeploymentPostprocessing = 0;
		};
/* End PBXFrameworksBuildPhase section */

/* Begin PBXGroup section */
		C107BC621D4BDCF2004220F5 /* CustomNavigatorController */ = {
			isa = PBXGroup;
			children = (
				C1F3E00B1D4C966600BC8556 /* NSDSlideNavigatorController.h */,
				C1F3E00C1D4C966600BC8556 /* NSDSlideNavigatorController.m */,
				C1FAAEAA1D4BE785009E312A /* Animations */,
			);
			name = CustomNavigatorController;
			sourceTree = "<group>";
		};
		C112FD2C1D48A14F008E2C7B /* AppDelegate */ = {
			isa = PBXGroup;
			children = (
				C1BB0FC51D481EBB000312C1 /* AppDelegate.h */,
				C1BB0FC61D481EBB000312C1 /* AppDelegate.m */,
			);
			name = AppDelegate;
			sourceTree = "<group>";
		};
		C112FD2D1D48A163008E2C7B /* UI */ = {
			isa = PBXGroup;
			children = (
				C1BB0FCD1D481EE3000312C1 /* Main.storyboard */,
				C1BB0FEC1D481F00000312C1 /* NSDUserCell.xib */,
				C1FA3EC61D4A139800E9D7B8 /* NSDRepoCell.xib */,
				C1FA3EB71D4A071700E9D7B8 /* LaunchScreen.storyboard */,
				C1197FAF1D4D299B006DA0EF /* NSDProgressCell.xib */,
			);
			name = UI;
			sourceTree = "<group>";
		};
		C112FD2E1D48A202008E2C7B /* Main */ = {
			isa = PBXGroup;
			children = (
				C1BB0FD21D481EFF000312C1 /* main.m */,
			);
			name = Main;
			sourceTree = "<group>";
		};
		C112FD2F1D48A212008E2C7B /* NSD */ = {
			isa = PBXGroup;
			children = (
				C112FD2D1D48A163008E2C7B /* UI */,
				C112FD331D48A363008E2C7B /* Controllers */,
				C112FD321D48A349008E2C7B /* Model */,
				C112FD311D48A32F008E2C7B /* View */,
				C112FD301D48A22A008E2C7B /* ViewControllers */,
			);
			name = NSD;
			sourceTree = "<group>";
		};
		C112FD301D48A22A008E2C7B /* ViewControllers */ = {
			isa = PBXGroup;
			children = (
				C1BB0FE21D481EFF000312C1 /* NSDOAuthViewController.h */,
				C1BB0FE31D481EFF000312C1 /* NSDOAuthViewController.m */,
				C1BB0FDE1D481EFF000312C1 /* NSDMenuViewController.h */,
				C1BB0FDF1D481EFF000312C1 /* NSDMenuViewController.m */,
				C1BB0FD31D481EFF000312C1 /* NSDBaseViewController.h */,
				C1BB0FD41D481EFF000312C1 /* NSDBaseViewController.m */,
				C1F3DFFC1D4C964600BC8556 /* NSDNotificationsViewController.h */,
				C1F3DFFD1D4C964600BC8556 /* NSDNotificationsViewController.m */,
				C1197FAC1D4D0BA2006DA0EF /* NSDBaseNavigatorController.h */,
				C1197FAD1D4D0BA2006DA0EF /* NSDBaseNavigatorController.m */,
			);
			name = ViewControllers;
			sourceTree = "<group>";
		};
		C112FD311D48A32F008E2C7B /* View */ = {
			isa = PBXGroup;
			children = (
				C1FA3EC11D4A136B00E9D7B8 /* NSDRepoCell.h */,
				C1FA3EC21D4A136B00E9D7B8 /* NSDRepoCell.m */,
				C1BB0FEA1D481F00000312C1 /* NSDUserCell.h */,
				C1BB0FEB1D481F00000312C1 /* NSDUserCell.m */,
			);
			name = View;
			sourceTree = "<group>";
		};
		C112FD321D48A349008E2C7B /* Model */ = {
			isa = PBXGroup;
			children = (
				C1FA3EBD1D4A136B00E9D7B8 /* NSDRepo.h */,
				C1FA3EBE1D4A136B00E9D7B8 /* NSDRepo.m */,
				C1BB0FE61D481F00000312C1 /* NSDUser.h */,
				C1BB0FE71D481F00000312C1 /* NSDUser.m */,
			);
			name = Model;
			sourceTree = "<group>";
		};
		C112FD331D48A363008E2C7B /* Controllers */ = {
			isa = PBXGroup;
			children = (
				C1FA3EBF1D4A136B00E9D7B8 /* NSDRepo+InitWithDictionary.h */,
				C1FA3EC01D4A136B00E9D7B8 /* NSDRepo+InitWithDictionary.m */,
				C1BB0FD51D481EFF000312C1 /* NSDChacheController.h */,
				C1BB0FD61D481EFF000312C1 /* NSDChacheController.m */,
				C1BB0FD71D481EFF000312C1 /* NSDGitConstants.h */,
				C1BB0FD81D481EFF000312C1 /* NSDGitConstants.m */,
				C1BB0FD91D481EFF000312C1 /* NSDGitManager_Private.h */,
				C1BB0FDA1D481EFF000312C1 /* NSDGitManager.h */,
				C1BB0FDB1D481EFF000312C1 /* NSDGitManager.m */,
				C1BB0FDC1D481EFF000312C1 /* NSDictionary+NSDNetworkConnection.h */,
				C1BB0FDD1D481EFF000312C1 /* NSDictionary+NSDNetworkConnection.m */,
				C1BB0FE01D481EFF000312C1 /* NSDNetworkController.h */,
				C1BB0FE11D481EFF000312C1 /* NSDNetworkController.m */,
				C1BB0FE81D481F00000312C1 /* NSDUser+NSDInitUserWithDictionary.h */,
				C1BB0FE91D481F00000312C1 /* NSDUser+NSDInitUserWithDictionary.m */,
				C1BB0FF41D481F00000312C1 /* NSURL+NSDNetworkConnection.m */,
				C1BB0FF11D481F00000312C1 /* NSMutableURLRequest+NSDNetworkConnection.h */,
				C1BB0FF21D481F00000312C1 /* NSMutableURLRequest+NSDNetworkConnection.m */,
				C1BB0FF31D481F00000312C1 /* NSURL+NSDNetworkConnection.h */,
			);
			name = Controllers;
			sourceTree = "<group>";
		};
		C1BB0FC41D481EAA000312C1 /* gitClient */ = {
			isa = PBXGroup;
			children = (
				C107BC621D4BDCF2004220F5 /* CustomNavigatorController */,
				C112FD2F1D48A212008E2C7B /* NSD */,
				C112FD2E1D48A202008E2C7B /* Main */,
				C112FD2C1D48A14F008E2C7B /* AppDelegate */,
				C1BB0FC81D481ED7000312C1 /* Assets.xcassets */,
			);
			name = gitClient;
			sourceTree = "<group>";
		};
		C1C3BE161D436BDE001A0E50 = {
			isa = PBXGroup;
			children = (
				C1F3DFFF1D4C966600BC8556 /* Info.plist */,
				C1BB0FC41D481EAA000312C1 /* gitClient */,
				C1C3BE3B1D436BDE001A0E50 /* gitClientTests */,
				C1C3BE201D436BDE001A0E50 /* Products */,
				C1BBE1B11D46D4C0001B0334 /* logo.png */,
			);
			sourceTree = "<group>";
		};
		C1C3BE201D436BDE001A0E50 /* Products */ = {
			isa = PBXGroup;
			children = (
				C1C3BE1F1D436BDE001A0E50 /* gitClient.app */,
				C1C3BE381D436BDE001A0E50 /* gitClientTests.xctest */,
			);
			name = Products;
			sourceTree = "<group>";
		};
		C1C3BE3B1D436BDE001A0E50 /* gitClientTests */ = {
			isa = PBXGroup;
			children = (
				C1C3BE3C1D436BDE001A0E50 /* gitClientTests.m */,
				C1C3BE3E1D436BDE001A0E50 /* Info.plist */,
			);
			path = gitClientTests;
			sourceTree = "<group>";
		};
		C1FAAEAA1D4BE785009E312A /* Animations */ = {
			isa = PBXGroup;
			children = (
				C1F3E0001D4C966600BC8556 /* NSDSlideNavigationContorllerAnimator.h */,
				C1F3E0011D4C966600BC8556 /* NSDSlideNavigationContorllerAnimatorFade.h */,
				C1F3E0021D4C966600BC8556 /* NSDSlideNavigationContorllerAnimatorFade.m */,
				C1F3E0031D4C966600BC8556 /* NSDSlideNavigationContorllerAnimatorScale.h */,
				C1F3E0041D4C966600BC8556 /* NSDSlideNavigationContorllerAnimatorScale.m */,
				C1F3E0051D4C966600BC8556 /* NSDSlideNavigationContorllerAnimatorScaleAndFade.h */,
				C1F3E0061D4C966600BC8556 /* NSDSlideNavigationContorllerAnimatorScaleAndFade.m */,
				C1F3E0071D4C966600BC8556 /* NSDSlideNavigationContorllerAnimatorSlide.h */,
				C1F3E0081D4C966600BC8556 /* NSDSlideNavigationContorllerAnimatorSlide.m */,
				C1F3E0091D4C966600BC8556 /* NSDSlideNavigationContorllerAnimatorSlideAndFade.h */,
				C1F3E00A1D4C966600BC8556 /* NSDSlideNavigationContorllerAnimatorSlideAndFade.m */,
			);
			name = Animations;
			sourceTree = "<group>";
		};
/* End PBXGroup section */

/* Begin PBXNativeTarget section */
		C1C3BE1E1D436BDE001A0E50 /* gitClient */ = {
			isa = PBXNativeTarget;
			buildConfigurationList = C1C3BE411D436BDE001A0E50 /* Build configuration list for PBXNativeTarget "gitClient" */;
			buildPhases = (
				C1C3BE1B1D436BDE001A0E50 /* Sources */,
				C1C3BE1C1D436BDE001A0E50 /* Frameworks */,
				C1C3BE1D1D436BDE001A0E50 /* Resources */,
			);
			buildRules = (
			);
			dependencies = (
			);
			name = gitClient;
			productName = gitClient;
			productReference = C1C3BE1F1D436BDE001A0E50 /* gitClient.app */;
			productType = "com.apple.product-type.application";
		};
		C1C3BE371D436BDE001A0E50 /* gitClientTests */ = {
			isa = PBXNativeTarget;
			buildConfigurationList = C1C3BE441D436BDE001A0E50 /* Build configuration list for PBXNativeTarget "gitClientTests" */;
			buildPhases = (
				C1C3BE341D436BDE001A0E50 /* Sources */,
				C1C3BE351D436BDE001A0E50 /* Frameworks */,
				C1C3BE361D436BDE001A0E50 /* Resources */,
			);
			buildRules = (
			);
			dependencies = (
				C1C3BE3A1D436BDE001A0E50 /* PBXTargetDependency */,
			);
			name = gitClientTests;
			productName = gitClientTests;
			productReference = C1C3BE381D436BDE001A0E50 /* gitClientTests.xctest */;
			productType = "com.apple.product-type.bundle.unit-test";
		};
/* End PBXNativeTarget section */

/* Begin PBXProject section */
		C1C3BE171D436BDE001A0E50 /* Project object */ = {
			isa = PBXProject;
			attributes = {
				LastUpgradeCheck = 0720;
				ORGANIZATIONNAME = nullStackDev;
				TargetAttributes = {
					C1C3BE1E1D436BDE001A0E50 = {
						CreatedOnToolsVersion = 7.2.1;
						DevelopmentTeam = 3CNYS54QTZ;
					};
					C1C3BE371D436BDE001A0E50 = {
						CreatedOnToolsVersion = 7.2.1;
						DevelopmentTeam = 3CNYS54QTZ;
						TestTargetID = C1C3BE1E1D436BDE001A0E50;
					};
				};
			};
			buildConfigurationList = C1C3BE1A1D436BDE001A0E50 /* Build configuration list for PBXProject "gitClient" */;
			compatibilityVersion = "Xcode 3.2";
			developmentRegion = English;
			hasScannedForEncodings = 0;
			knownRegions = (
				en,
				Base,
			);
			mainGroup = C1C3BE161D436BDE001A0E50;
			productRefGroup = C1C3BE201D436BDE001A0E50 /* Products */;
			projectDirPath = "";
			projectRoot = "";
			targets = (
				C1C3BE1E1D436BDE001A0E50 /* gitClient */,
				C1C3BE371D436BDE001A0E50 /* gitClientTests */,
			);
		};
/* End PBXProject section */

/* Begin PBXResourcesBuildPhase section */
		C1C3BE1D1D436BDE001A0E50 /* Resources */ = {
			isa = PBXResourcesBuildPhase;
			buildActionMask = 2147483647;
			files = (
				C1BBE1B21D46D4C0001B0334 /* logo.png in Resources */,
				C1BB0FCF1D481EE3000312C1 /* Main.storyboard in Resources */,
				C1FA3EB81D4A071700E9D7B8 /* LaunchScreen.storyboard in Resources */,
				C1BB10021D481F00000312C1 /* NSDUserCell.xib in Resources */,
				C1FA3EC71D4A139800E9D7B8 /* NSDRepoCell.xib in Resources */,
				C1BB0FC91D481ED7000312C1 /* Assets.xcassets in Resources */,
				C1197FB01D4D299B006DA0EF /* NSDProgressCell.xib in Resources */,
				C1F3E00D1D4C966600BC8556 /* Info.plist in Resources */,
			);
			runOnlyForDeploymentPostprocessing = 0;
		};
		C1C3BE361D436BDE001A0E50 /* Resources */ = {
			isa = PBXResourcesBuildPhase;
			buildActionMask = 2147483647;
			files = (
			);
			runOnlyForDeploymentPostprocessing = 0;
		};
/* End PBXResourcesBuildPhase section */

/* Begin PBXSourcesBuildPhase section */
		C1C3BE1B1D436BDE001A0E50 /* Sources */ = {
			isa = PBXSourcesBuildPhase;
			buildActionMask = 2147483647;
			files = (
				C1BB0FF81D481F00000312C1 /* NSDGitConstants.m in Sources */,
				C1BB0FC71D481EBB000312C1 /* AppDelegate.m in Sources */,
				C1BB0FFD1D481F00000312C1 /* NSDOAuthViewController.m in Sources */,
				C1BB0FF61D481F00000312C1 /* NSDBaseViewController.m in Sources */,
				C1F3E0131D4C966600BC8556 /* NSDSlideNavigatorController.m in Sources */,
				C1FA3EC31D4A136B00E9D7B8 /* NSDRepo.m in Sources */,
				C1BB0FF51D481F00000312C1 /* main.m in Sources */,
				C1FA3EC51D4A136B00E9D7B8 /* NSDRepoCell.m in Sources */,
				C1F3E0111D4C966600BC8556 /* NSDSlideNavigationContorllerAnimatorSlide.m in Sources */,
				C1F3E0101D4C966600BC8556 /* NSDSlideNavigationContorllerAnimatorScaleAndFade.m in Sources */,
				C1BB0FF91D481F00000312C1 /* NSDGitManager.m in Sources */,
				C1BB0FFC1D481F00000312C1 /* NSDNetworkController.m in Sources */,
				C1FA3EC41D4A136B00E9D7B8 /* NSDRepo+InitWithDictionary.m in Sources */,
				C1F3E00E1D4C966600BC8556 /* NSDSlideNavigationContorllerAnimatorFade.m in Sources */,
				C1BB10001D481F00000312C1 /* NSDUser+NSDInitUserWithDictionary.m in Sources */,
				C1F3E0121D4C966600BC8556 /* NSDSlideNavigationContorllerAnimatorSlideAndFade.m in Sources */,
				C1197FAE1D4D0BA2006DA0EF /* NSDBaseNavigatorController.m in Sources */,
				C1F3E00F1D4C966600BC8556 /* NSDSlideNavigationContorllerAnimatorScale.m in Sources */,
				C1BB10051D481F00000312C1 /* NSMutableURLRequest+NSDNetworkConnection.m in Sources */,
				C1BB0FFB1D481F00000312C1 /* NSDMenuViewController.m in Sources */,
				C1BB10011D481F00000312C1 /* NSDUserCell.m in Sources */,
				C1F3DFFE1D4C964600BC8556 /* NSDNotificationsViewController.m in Sources */,
				C1BB10061D481F00000312C1 /* NSURL+NSDNetworkConnection.m in Sources */,
				C1BB0FF71D481F00000312C1 /* NSDChacheController.m in Sources */,
				C1BB0FFF1D481F00000312C1 /* NSDUser.m in Sources */,
				C1BB0FFA1D481F00000312C1 /* NSDictionary+NSDNetworkConnection.m in Sources */,
			);
			runOnlyForDeploymentPostprocessing = 0;
		};
		C1C3BE341D436BDE001A0E50 /* Sources */ = {
			isa = PBXSourcesBuildPhase;
			buildActionMask = 2147483647;
			files = (
				C1C3BE3D1D436BDE001A0E50 /* gitClientTests.m in Sources */,
			);
			runOnlyForDeploymentPostprocessing = 0;
		};
/* End PBXSourcesBuildPhase section */

/* Begin PBXTargetDependency section */
		C1C3BE3A1D436BDE001A0E50 /* PBXTargetDependency */ = {
			isa = PBXTargetDependency;
			target = C1C3BE1E1D436BDE001A0E50 /* gitClient */;
			targetProxy = C1C3BE391D436BDE001A0E50 /* PBXContainerItemProxy */;
		};
/* End PBXTargetDependency section */

/* Begin PBXVariantGroup section */
		C1BB0FCD1D481EE3000312C1 /* Main.storyboard */ = {
			isa = PBXVariantGroup;
			children = (
				C1BB0FCE1D481EE3000312C1 /* Base */,
			);
			name = Main.storyboard;
			sourceTree = "<group>";
		};
/* End PBXVariantGroup section */

/* Begin XCBuildConfiguration section */
		C1C3BE3F1D436BDE001A0E50 /* Debug */ = {
			isa = XCBuildConfiguration;
			buildSettings = {
				ALWAYS_SEARCH_USER_PATHS = NO;
				CLANG_CXX_LANGUAGE_STANDARD = "gnu++0x";
				CLANG_CXX_LIBRARY = "libc++";
				CLANG_ENABLE_MODULES = YES;
				CLANG_ENABLE_OBJC_ARC = YES;
				CLANG_WARN_BOOL_CONVERSION = YES;
				CLANG_WARN_CONSTANT_CONVERSION = YES;
				CLANG_WARN_DIRECT_OBJC_ISA_USAGE = YES_ERROR;
				CLANG_WARN_EMPTY_BODY = YES;
				CLANG_WARN_ENUM_CONVERSION = YES;
				CLANG_WARN_INT_CONVERSION = YES;
				CLANG_WARN_OBJC_ROOT_CLASS = YES_ERROR;
				CLANG_WARN_UNREACHABLE_CODE = YES;
				CLANG_WARN__DUPLICATE_METHOD_MATCH = YES;
				"CODE_SIGN_IDENTITY[sdk=iphoneos*]" = "iPhone Developer";
				COPY_PHASE_STRIP = NO;
				DEBUG_INFORMATION_FORMAT = dwarf;
				ENABLE_STRICT_OBJC_MSGSEND = YES;
				ENABLE_TESTABILITY = YES;
				GCC_C_LANGUAGE_STANDARD = gnu99;
				GCC_DYNAMIC_NO_PIC = NO;
				GCC_NO_COMMON_BLOCKS = YES;
				GCC_OPTIMIZATION_LEVEL = 0;
				GCC_PREPROCESSOR_DEFINITIONS = (
					"DEBUG=1",
					"$(inherited)",
				);
				GCC_WARN_64_TO_32_BIT_CONVERSION = YES;
				GCC_WARN_ABOUT_RETURN_TYPE = YES_ERROR;
				GCC_WARN_UNDECLARED_SELECTOR = YES;
				GCC_WARN_UNINITIALIZED_AUTOS = YES_AGGRESSIVE;
				GCC_WARN_UNUSED_FUNCTION = YES;
				GCC_WARN_UNUSED_VARIABLE = YES;
				IPHONEOS_DEPLOYMENT_TARGET = 9.2;
				MTL_ENABLE_DEBUG_INFO = YES;
				ONLY_ACTIVE_ARCH = YES;
				SDKROOT = iphoneos;
				TARGETED_DEVICE_FAMILY = "1,2";
			};
			name = Debug;
		};
		C1C3BE401D436BDE001A0E50 /* Release */ = {
			isa = XCBuildConfiguration;
			buildSettings = {
				ALWAYS_SEARCH_USER_PATHS = NO;
				CLANG_CXX_LANGUAGE_STANDARD = "gnu++0x";
				CLANG_CXX_LIBRARY = "libc++";
				CLANG_ENABLE_MODULES = YES;
				CLANG_ENABLE_OBJC_ARC = YES;
				CLANG_WARN_BOOL_CONVERSION = YES;
				CLANG_WARN_CONSTANT_CONVERSION = YES;
				CLANG_WARN_DIRECT_OBJC_ISA_USAGE = YES_ERROR;
				CLANG_WARN_EMPTY_BODY = YES;
				CLANG_WARN_ENUM_CONVERSION = YES;
				CLANG_WARN_INT_CONVERSION = YES;
				CLANG_WARN_OBJC_ROOT_CLASS = YES_ERROR;
				CLANG_WARN_UNREACHABLE_CODE = YES;
				CLANG_WARN__DUPLICATE_METHOD_MATCH = YES;
				"CODE_SIGN_IDENTITY[sdk=iphoneos*]" = "iPhone Developer";
				COPY_PHASE_STRIP = NO;
				DEBUG_INFORMATION_FORMAT = "dwarf-with-dsym";
				ENABLE_NS_ASSERTIONS = NO;
				ENABLE_STRICT_OBJC_MSGSEND = YES;
				GCC_C_LANGUAGE_STANDARD = gnu99;
				GCC_NO_COMMON_BLOCKS = YES;
				GCC_WARN_64_TO_32_BIT_CONVERSION = YES;
				GCC_WARN_ABOUT_RETURN_TYPE = YES_ERROR;
				GCC_WARN_UNDECLARED_SELECTOR = YES;
				GCC_WARN_UNINITIALIZED_AUTOS = YES_AGGRESSIVE;
				GCC_WARN_UNUSED_FUNCTION = YES;
				GCC_WARN_UNUSED_VARIABLE = YES;
				IPHONEOS_DEPLOYMENT_TARGET = 9.2;
				MTL_ENABLE_DEBUG_INFO = NO;
				SDKROOT = iphoneos;
				TARGETED_DEVICE_FAMILY = "1,2";
				VALIDATE_PRODUCT = YES;
			};
			name = Release;
		};
		C1C3BE421D436BDE001A0E50 /* Debug */ = {
			isa = XCBuildConfiguration;
			buildSettings = {
				ASSETCATALOG_COMPILER_APPICON_NAME = AppIcon;
				INFOPLIST_FILE = gitClient/Info.plist;
				IPHONEOS_DEPLOYMENT_TARGET = 9.2;
				LD_RUNPATH_SEARCH_PATHS = "$(inherited) @executable_path/Frameworks";
				PRODUCT_BUNDLE_IDENTIFIER = no.org.com.gitClient;
				PRODUCT_NAME = "$(TARGET_NAME)";
				TARGETED_DEVICE_FAMILY = "1,2";
			};
			name = Debug;
		};
		C1C3BE431D436BDE001A0E50 /* Release */ = {
			isa = XCBuildConfiguration;
			buildSettings = {
				ASSETCATALOG_COMPILER_APPICON_NAME = AppIcon;
				INFOPLIST_FILE = gitClient/Info.plist;
				IPHONEOS_DEPLOYMENT_TARGET = 9.2;
				LD_RUNPATH_SEARCH_PATHS = "$(inherited) @executable_path/Frameworks";
				PRODUCT_BUNDLE_IDENTIFIER = no.org.com.gitClient;
				PRODUCT_NAME = "$(TARGET_NAME)";
				TARGETED_DEVICE_FAMILY = "1,2";
			};
			name = Release;
		};
		C1C3BE451D436BDE001A0E50 /* Debug */ = {
			isa = XCBuildConfiguration;
			buildSettings = {
				BUNDLE_LOADER = "$(TEST_HOST)";
				INFOPLIST_FILE = gitClientTests/Info.plist;
				LD_RUNPATH_SEARCH_PATHS = "$(inherited) @executable_path/Frameworks @loader_path/Frameworks";
				PRODUCT_BUNDLE_IDENTIFIER = no.org.com.gitClientTests;
				PRODUCT_NAME = "$(TARGET_NAME)";
				TEST_HOST = "$(BUILT_PRODUCTS_DIR)/gitClient.app/gitClient";
			};
			name = Debug;
		};
		C1C3BE461D436BDE001A0E50 /* Release */ = {
			isa = XCBuildConfiguration;
			buildSettings = {
				BUNDLE_LOADER = "$(TEST_HOST)";
				INFOPLIST_FILE = gitClientTests/Info.plist;
				LD_RUNPATH_SEARCH_PATHS = "$(inherited) @executable_path/Frameworks @loader_path/Frameworks";
				PRODUCT_BUNDLE_IDENTIFIER = no.org.com.gitClientTests;
				PRODUCT_NAME = "$(TARGET_NAME)";
				TEST_HOST = "$(BUILT_PRODUCTS_DIR)/gitClient.app/gitClient";
			};
			name = Release;
		};
/* End XCBuildConfiguration section */

/* Begin XCConfigurationList section */
		C1C3BE1A1D436BDE001A0E50 /* Build configuration list for PBXProject "gitClient" */ = {
			isa = XCConfigurationList;
			buildConfigurations = (
				C1C3BE3F1D436BDE001A0E50 /* Debug */,
				C1C3BE401D436BDE001A0E50 /* Release */,
			);
			defaultConfigurationIsVisible = 0;
			defaultConfigurationName = Release;
		};
		C1C3BE411D436BDE001A0E50 /* Build configuration list for PBXNativeTarget "gitClient" */ = {
			isa = XCConfigurationList;
			buildConfigurations = (
				C1C3BE421D436BDE001A0E50 /* Debug */,
				C1C3BE431D436BDE001A0E50 /* Release */,
			);
			defaultConfigurationIsVisible = 0;
			defaultConfigurationName = Release;
		};
		C1C3BE441D436BDE001A0E50 /* Build configuration list for PBXNativeTarget "gitClientTests" */ = {
			isa = XCConfigurationList;
			buildConfigurations = (
				C1C3BE451D436BDE001A0E50 /* Debug */,
				C1C3BE461D436BDE001A0E50 /* Release */,
			);
			defaultConfigurationIsVisible = 0;
			defaultConfigurationName = Release;
		};
/* End XCConfigurationList section */
	};
	rootObject = C1C3BE171D436BDE001A0E50 /* Project object */;
}
