// !$*UTF8*$!
{
	archiveVersion = 1;
	classes = {
	};
	objectVersion = 46;
	objects = {

/* Begin PBXBuildFile section */
		C10220F61D5CE38E006AF027 /* NSDXMLParser.m in Sources */ = {isa = PBXBuildFile; fileRef = C10220F51D5CE38E006AF027 /* NSDXMLParser.m */; };
		C10220FC1D5D1511006AF027 /* NSDFeedCell.xib in Resources */ = {isa = PBXBuildFile; fileRef = C10220FB1D5D1511006AF027 /* NSDFeedCell.xib */; };
		C110DFDD1D5643AA00C65EB8 /* NSDNewsViewController.m in Sources */ = {isa = PBXBuildFile; fileRef = C110DFDC1D5643AA00C65EB8 /* NSDNewsViewController.m */; };
		C1197FAE1D4D0BA2006DA0EF /* NSDNavigatorController.m in Sources */ = {isa = PBXBuildFile; fileRef = C1197FAD1D4D0BA2006DA0EF /* NSDNavigatorController.m */; };
		C1197FB01D4D299B006DA0EF /* NSDProgressCell.xib in Resources */ = {isa = PBXBuildFile; fileRef = C1197FAF1D4D299B006DA0EF /* NSDProgressCell.xib */; };
		C1197FB41D4D52E5006DA0EF /* NSDMenuItemCell.xib in Resources */ = {isa = PBXBuildFile; fileRef = C1197FB31D4D52E5006DA0EF /* NSDMenuItemCell.xib */; };
		C1198D351D60A40D001DF0B0 /* NSDSimpleCell.xib in Resources */ = {isa = PBXBuildFile; fileRef = C1198D341D60A40D001DF0B0 /* NSDSimpleCell.xib */; };
		C11DC4151D6113A6006D2B33 /* NSDReposViewController.m in Sources */ = {isa = PBXBuildFile; fileRef = C11DC4141D6113A6006D2B33 /* NSDReposViewController.m */; };
		C125356F1D61DDE7007DB950 /* NSDUserViewController.m in Sources */ = {isa = PBXBuildFile; fileRef = C125356E1D61DDE7007DB950 /* NSDUserViewController.m */; };
		C16976621D5F1521003EC981 /* news22.png in Resources */ = {isa = PBXBuildFile; fileRef = C169765F1D5F1521003EC981 /* news22.png */; };
		C16976631D5F1521003EC981 /* news44.png in Resources */ = {isa = PBXBuildFile; fileRef = C16976601D5F1521003EC981 /* news44.png */; };
		C16976641D5F1521003EC981 /* news66.png in Resources */ = {isa = PBXBuildFile; fileRef = C16976611D5F1521003EC981 /* news66.png */; };
		C174A3B21D5CC0AC004A4CE2 /* NSDBaseViewController.m in Sources */ = {isa = PBXBuildFile; fileRef = C174A3B11D5CC0AC004A4CE2 /* NSDBaseViewController.m */; };
		C174A3B71D5CC2D3004A4CE2 /* NSDBaseTableViewController.m in Sources */ = {isa = PBXBuildFile; fileRef = C174A3B61D5CC2D3004A4CE2 /* NSDBaseTableViewController.m */; };
		C1A95F0A1D5DD12E00D1FDF6 /* NSDFeedCell.m in Sources */ = {isa = PBXBuildFile; fileRef = C1A95F091D5DD12E00D1FDF6 /* NSDFeedCell.m */; };
		C1AD04A71D573DDC00B61DA6 /* NSDNewsRssEntry.m in Sources */ = {isa = PBXBuildFile; fileRef = C1AD04A61D573DDC00B61DA6 /* NSDNewsRssEntry.m */; };
		C1B9A6511D5F9A0D004605B7 /* NSDActivityViewController.m in Sources */ = {isa = PBXBuildFile; fileRef = C1B9A6501D5F9A0D004605B7 /* NSDActivityViewController.m */; };
		C1BB0FC71D481EBB000312C1 /* AppDelegate.m in Sources */ = {isa = PBXBuildFile; fileRef = C1BB0FC61D481EBB000312C1 /* AppDelegate.m */; };
		C1BB0FC91D481ED7000312C1 /* Assets.xcassets in Resources */ = {isa = PBXBuildFile; fileRef = C1BB0FC81D481ED7000312C1 /* Assets.xcassets */; };
		C1BB0FCF1D481EE3000312C1 /* Main.storyboard in Resources */ = {isa = PBXBuildFile; fileRef = C1BB0FCD1D481EE3000312C1 /* Main.storyboard */; };
		C1BB0FF51D481F00000312C1 /* main.m in Sources */ = {isa = PBXBuildFile; fileRef = C1BB0FD21D481EFF000312C1 /* main.m */; };
		C1BB0FF61D481F00000312C1 /* NSDDetaliedUserProfileViewController.m in Sources */ = {isa = PBXBuildFile; fileRef = C1BB0FD41D481EFF000312C1 /* NSDDetaliedUserProfileViewController.m */; };
		C1BB0FF71D481F00000312C1 /* NSDCacheController.m in Sources */ = {isa = PBXBuildFile; fileRef = C1BB0FD61D481EFF000312C1 /* NSDCacheController.m */; };
		C1BB0FF81D481F00000312C1 /* NSDGitConstants.m in Sources */ = {isa = PBXBuildFile; fileRef = C1BB0FD81D481EFF000312C1 /* NSDGitConstants.m */; };
		C1BB0FF91D481F00000312C1 /* NSDGitManager.m in Sources */ = {isa = PBXBuildFile; fileRef = C1BB0FDB1D481EFF000312C1 /* NSDGitManager.m */; };
		C1BB0FFA1D481F00000312C1 /* NSDictionary+NSDNetworkConnection.m in Sources */ = {isa = PBXBuildFile; fileRef = C1BB0FDD1D481EFF000312C1 /* NSDictionary+NSDNetworkConnection.m */; };
		C1BB0FFB1D481F00000312C1 /* NSDMenuViewController.m in Sources */ = {isa = PBXBuildFile; fileRef = C1BB0FDF1D481EFF000312C1 /* NSDMenuViewController.m */; };
		C1BB0FFC1D481F00000312C1 /* NSDNetworkController.m in Sources */ = {isa = PBXBuildFile; fileRef = C1BB0FE11D481EFF000312C1 /* NSDNetworkController.m */; };
		C1BB0FFD1D481F00000312C1 /* NSDOAuthViewController.m in Sources */ = {isa = PBXBuildFile; fileRef = C1BB0FE31D481EFF000312C1 /* NSDOAuthViewController.m */; };
		C1BB0FFF1D481F00000312C1 /* NSDUser.m in Sources */ = {isa = PBXBuildFile; fileRef = C1BB0FE71D481F00000312C1 /* NSDUser.m */; };
		C1BB10001D481F00000312C1 /* NSDUser+NSDInitUserWithDictionary.m in Sources */ = {isa = PBXBuildFile; fileRef = C1BB0FE91D481F00000312C1 /* NSDUser+NSDInitUserWithDictionary.m */; };
		C1BB10011D481F00000312C1 /* NSDUserCell.m in Sources */ = {isa = PBXBuildFile; fileRef = C1BB0FEB1D481F00000312C1 /* NSDUserCell.m */; };
		C1BB10021D481F00000312C1 /* NSDUserCell.xib in Resources */ = {isa = PBXBuildFile; fileRef = C1BB0FEC1D481F00000312C1 /* NSDUserCell.xib */; };
		C1BB10051D481F00000312C1 /* NSMutableURLRequest+NSDNetworkConnection.m in Sources */ = {isa = PBXBuildFile; fileRef = C1BB0FF21D481F00000312C1 /* NSMutableURLRequest+NSDNetworkConnection.m */; };
		C1BB10061D481F00000312C1 /* NSURL+NSDNetworkConnection.m in Sources */ = {isa = PBXBuildFile; fileRef = C1BB0FF41D481F00000312C1 /* NSURL+NSDNetworkConnection.m */; };
		C1BBE1B21D46D4C0001B0334 /* logo.png in Resources */ = {isa = PBXBuildFile; fileRef = C1BBE1B11D46D4C0001B0334 /* logo.png */; };
		C1C3BE3D1D436BDE001A0E50 /* gitClientTests.m in Sources */ = {isa = PBXBuildFile; fileRef = C1C3BE3C1D436BDE001A0E50 /* gitClientTests.m */; };
		C1D268FC1D60C99F00C3AB82 /* NSDSimpleCell.m in Sources */ = {isa = PBXBuildFile; fileRef = C1D268FB1D60C99F00C3AB82 /* NSDSimpleCell.m */; };
		C1E2EACA1D5FFAFA0078E48F /* NSDNotification.m in Sources */ = {isa = PBXBuildFile; fileRef = C1E2EAC91D5FFAFA0078E48F /* NSDNotification.m */; };
		C1E2EACC1D60036E0078E48F /* NSDNotif.xib in Resources */ = {isa = PBXBuildFile; fileRef = C1E2EACB1D60036E0078E48F /* NSDNotif.xib */; };
		C1E2EACF1D6005F80078E48F /* NSDNotif.m in Sources */ = {isa = PBXBuildFile; fileRef = C1E2EACE1D6005F80078E48F /* NSDNotif.m */; };
		C1F3DFFE1D4C964600BC8556 /* NSDNotificationsViewController.m in Sources */ = {isa = PBXBuildFile; fileRef = C1F3DFFD1D4C964600BC8556 /* NSDNotificationsViewController.m */; };
		C1F3E00E1D4C966600BC8556 /* NSDSlideNavigationContorllerAnimatorFade.m in Sources */ = {isa = PBXBuildFile; fileRef = C1F3E0021D4C966600BC8556 /* NSDSlideNavigationContorllerAnimatorFade.m */; };
		C1F3E00F1D4C966600BC8556 /* NSDSlideNavigationContorllerAnimatorScale.m in Sources */ = {isa = PBXBuildFile; fileRef = C1F3E0041D4C966600BC8556 /* NSDSlideNavigationContorllerAnimatorScale.m */; };
		C1F3E0101D4C966600BC8556 /* NSDSlideNavigationContorllerAnimatorScaleAndFade.m in Sources */ = {isa = PBXBuildFile; fileRef = C1F3E0061D4C966600BC8556 /* NSDSlideNavigationContorllerAnimatorScaleAndFade.m */; };
		C1F3E0111D4C966600BC8556 /* NSDSlideNavigationContorllerAnimatorSlide.m in Sources */ = {isa = PBXBuildFile; fileRef = C1F3E0081D4C966600BC8556 /* NSDSlideNavigationContorllerAnimatorSlide.m */; };
		C1F3E0121D4C966600BC8556 /* NSDSlideNavigationContorllerAnimatorSlideAndFade.m in Sources */ = {isa = PBXBuildFile; fileRef = C1F3E00A1D4C966600BC8556 /* NSDSlideNavigationContorllerAnimatorSlideAndFade.m */; };
		C1F3E0131D4C966600BC8556 /* NSDSlideNavigatorController.m in Sources */ = {isa = PBXBuildFile; fileRef = C1F3E00C1D4C966600BC8556 /* NSDSlideNavigatorController.m */; };
		C1FA3EB81D4A071700E9D7B8 /* LaunchScreen.storyboard in Resources */ = {isa = PBXBuildFile; fileRef = C1FA3EB71D4A071700E9D7B8 /* LaunchScreen.storyboard */; };
		C1FA3EC31D4A136B00E9D7B8 /* NSDRepo.m in Sources */ = {isa = PBXBuildFile; fileRef = C1FA3EBE1D4A136B00E9D7B8 /* NSDRepo.m */; };
		C1FA3EC41D4A136B00E9D7B8 /* NSDRepo+InitWithDictionary.m in Sources */ = {isa = PBXBuildFile; fileRef = C1FA3EC01D4A136B00E9D7B8 /* NSDRepo+InitWithDictionary.m */; };
		C1FA3EC51D4A136B00E9D7B8 /* NSDRepoCell.m in Sources */ = {isa = PBXBuildFile; fileRef = C1FA3EC21D4A136B00E9D7B8 /* NSDRepoCell.m */; };
		C1FA3EC71D4A139800E9D7B8 /* NSDRepoCell.xib in Resources */ = {isa = PBXBuildFile; fileRef = C1FA3EC61D4A139800E9D7B8 /* NSDRepoCell.xib */; };
		C1FF11B51D5E613100891B6B /* NSDMenuItemCell.m in Sources */ = {isa = PBXBuildFile; fileRef = C1FF11B41D5E613100891B6B /* NSDMenuItemCell.m */; };
/* End PBXBuildFile section */

/* Begin PBXContainerItemProxy section */
		C1C3BE391D436BDE001A0E50 /* PBXContainerItemProxy */ = {
			isa = PBXContainerItemProxy;
			containerPortal = C1C3BE171D436BDE001A0E50 /* Project object */;
			proxyType = 1;
			remoteGlobalIDString = C1C3BE1E1D436BDE001A0E50;
			remoteInfo = gitClient;
		};
/* End PBXContainerItemProxy section */

/* Begin PBXFileReference section */
		C10220F41D5CE38E006AF027 /* NSDXMLParser.h */ = {isa = PBXFileReference; fileEncoding = 4; lastKnownFileType = sourcecode.c.h; path = NSDXMLParser.h; sourceTree = "<group>"; };
		C10220F51D5CE38E006AF027 /* NSDXMLParser.m */ = {isa = PBXFileReference; fileEncoding = 4; lastKnownFileType = sourcecode.c.objc; path = NSDXMLParser.m; sourceTree = "<group>"; };
		C10220FB1D5D1511006AF027 /* NSDFeedCell.xib */ = {isa = PBXFileReference; fileEncoding = 4; lastKnownFileType = file.xib; path = NSDFeedCell.xib; sourceTree = "<group>"; };
		C110DFDB1D5643AA00C65EB8 /* NSDNewsViewController.h */ = {isa = PBXFileReference; fileEncoding = 4; lastKnownFileType = sourcecode.c.h; path = NSDNewsViewController.h; sourceTree = "<group>"; };
		C110DFDC1D5643AA00C65EB8 /* NSDNewsViewController.m */ = {isa = PBXFileReference; fileEncoding = 4; lastKnownFileType = sourcecode.c.objc; path = NSDNewsViewController.m; sourceTree = "<group>"; };
		C1197FAC1D4D0BA2006DA0EF /* NSDNavigatorController.h */ = {isa = PBXFileReference; fileEncoding = 4; lastKnownFileType = sourcecode.c.h; path = NSDNavigatorController.h; sourceTree = "<group>"; };
		C1197FAD1D4D0BA2006DA0EF /* NSDNavigatorController.m */ = {isa = PBXFileReference; fileEncoding = 4; lastKnownFileType = sourcecode.c.objc; path = NSDNavigatorController.m; sourceTree = "<group>"; };
		C1197FAF1D4D299B006DA0EF /* NSDProgressCell.xib */ = {isa = PBXFileReference; fileEncoding = 4; lastKnownFileType = file.xib; path = NSDProgressCell.xib; sourceTree = "<group>"; };
		C1197FB31D4D52E5006DA0EF /* NSDMenuItemCell.xib */ = {isa = PBXFileReference; fileEncoding = 4; lastKnownFileType = file.xib; path = NSDMenuItemCell.xib; sourceTree = "<group>"; };
		C1198D341D60A40D001DF0B0 /* NSDSimpleCell.xib */ = {isa = PBXFileReference; fileEncoding = 4; lastKnownFileType = file.xib; path = NSDSimpleCell.xib; sourceTree = "<group>"; };
		C11DC4131D6113A6006D2B33 /* NSDReposViewController.h */ = {isa = PBXFileReference; fileEncoding = 4; lastKnownFileType = sourcecode.c.h; path = NSDReposViewController.h; sourceTree = "<group>"; };
		C11DC4141D6113A6006D2B33 /* NSDReposViewController.m */ = {isa = PBXFileReference; fileEncoding = 4; lastKnownFileType = sourcecode.c.objc; path = NSDReposViewController.m; sourceTree = "<group>"; };
		C125356D1D61DDE7007DB950 /* NSDUserViewController.h */ = {isa = PBXFileReference; fileEncoding = 4; lastKnownFileType = sourcecode.c.h; path = NSDUserViewController.h; sourceTree = "<group>"; };
		C125356E1D61DDE7007DB950 /* NSDUserViewController.m */ = {isa = PBXFileReference; fileEncoding = 4; lastKnownFileType = sourcecode.c.objc; path = NSDUserViewController.m; sourceTree = "<group>"; };
		C169765F1D5F1521003EC981 /* news22.png */ = {isa = PBXFileReference; lastKnownFileType = image.png; path = news22.png; sourceTree = "<group>"; };
		C16976601D5F1521003EC981 /* news44.png */ = {isa = PBXFileReference; lastKnownFileType = image.png; path = news44.png; sourceTree = "<group>"; };
		C16976611D5F1521003EC981 /* news66.png */ = {isa = PBXFileReference; lastKnownFileType = image.png; path = news66.png; sourceTree = "<group>"; };
		C174A3B01D5CC0AC004A4CE2 /* NSDBaseViewController.h */ = {isa = PBXFileReference; fileEncoding = 4; lastKnownFileType = sourcecode.c.h; path = NSDBaseViewController.h; sourceTree = "<group>"; };
		C174A3B11D5CC0AC004A4CE2 /* NSDBaseViewController.m */ = {isa = PBXFileReference; fileEncoding = 4; lastKnownFileType = sourcecode.c.objc; path = NSDBaseViewController.m; sourceTree = "<group>"; };
		C174A3B51D5CC2D3004A4CE2 /* NSDBaseTableViewController.h */ = {isa = PBXFileReference; fileEncoding = 4; lastKnownFileType = sourcecode.c.h; path = NSDBaseTableViewController.h; sourceTree = "<group>"; };
		C174A3B61D5CC2D3004A4CE2 /* NSDBaseTableViewController.m */ = {isa = PBXFileReference; fileEncoding = 4; lastKnownFileType = sourcecode.c.objc; path = NSDBaseTableViewController.m; sourceTree = "<group>"; };
		C1A95F081D5DD12E00D1FDF6 /* NSDFeedCell.h */ = {isa = PBXFileReference; fileEncoding = 4; lastKnownFileType = sourcecode.c.h; path = NSDFeedCell.h; sourceTree = "<group>"; };
		C1A95F091D5DD12E00D1FDF6 /* NSDFeedCell.m */ = {isa = PBXFileReference; fileEncoding = 4; lastKnownFileType = sourcecode.c.objc; path = NSDFeedCell.m; sourceTree = "<group>"; };
		C1AD04A51D573DDC00B61DA6 /* NSDNewsRssEntry.h */ = {isa = PBXFileReference; fileEncoding = 4; lastKnownFileType = sourcecode.c.h; name = NSDNewsRssEntry.h; path = gitClient/NSDNewsRssEntry.h; sourceTree = "<group>"; };
		C1AD04A61D573DDC00B61DA6 /* NSDNewsRssEntry.m */ = {isa = PBXFileReference; fileEncoding = 4; lastKnownFileType = sourcecode.c.objc; name = NSDNewsRssEntry.m; path = gitClient/NSDNewsRssEntry.m; sourceTree = "<group>"; };
		C1B9A64F1D5F9A0D004605B7 /* NSDActivityViewController.h */ = {isa = PBXFileReference; fileEncoding = 4; lastKnownFileType = sourcecode.c.h; path = NSDActivityViewController.h; sourceTree = "<group>"; };
		C1B9A6501D5F9A0D004605B7 /* NSDActivityViewController.m */ = {isa = PBXFileReference; fileEncoding = 4; lastKnownFileType = sourcecode.c.objc; path = NSDActivityViewController.m; sourceTree = "<group>"; };
		C1BB0FC51D481EBB000312C1 /* AppDelegate.h */ = {isa = PBXFileReference; fileEncoding = 4; lastKnownFileType = sourcecode.c.h; name = AppDelegate.h; path = gitClient/AppDelegate.h; sourceTree = "<group>"; };
		C1BB0FC61D481EBB000312C1 /* AppDelegate.m */ = {isa = PBXFileReference; fileEncoding = 4; lastKnownFileType = sourcecode.c.objc; name = AppDelegate.m; path = gitClient/AppDelegate.m; sourceTree = "<group>"; };
		C1BB0FC81D481ED7000312C1 /* Assets.xcassets */ = {isa = PBXFileReference; lastKnownFileType = folder.assetcatalog; name = Assets.xcassets; path = gitClient/Assets.xcassets; sourceTree = "<group>"; };
		C1BB0FCE1D481EE3000312C1 /* Base */ = {isa = PBXFileReference; lastKnownFileType = file.storyboard; name = Base; path = gitClient/Base.lproj/Main.storyboard; sourceTree = "<group>"; };
		C1BB0FD21D481EFF000312C1 /* main.m */ = {isa = PBXFileReference; fileEncoding = 4; lastKnownFileType = sourcecode.c.objc; name = main.m; path = gitClient/main.m; sourceTree = "<group>"; };
		C1BB0FD31D481EFF000312C1 /* NSDDetaliedUserProfileViewController.h */ = {isa = PBXFileReference; fileEncoding = 4; lastKnownFileType = sourcecode.c.h; name = NSDDetaliedUserProfileViewController.h; path = gitClient/NSDDetaliedUserProfileViewController.h; sourceTree = "<group>"; };
		C1BB0FD41D481EFF000312C1 /* NSDDetaliedUserProfileViewController.m */ = {isa = PBXFileReference; fileEncoding = 4; lastKnownFileType = sourcecode.c.objc; name = NSDDetaliedUserProfileViewController.m; path = gitClient/NSDDetaliedUserProfileViewController.m; sourceTree = "<group>"; };
		C1BB0FD51D481EFF000312C1 /* NSDCacheController.h */ = {isa = PBXFileReference; fileEncoding = 4; lastKnownFileType = sourcecode.c.h; name = NSDCacheController.h; path = gitClient/NSDCacheController.h; sourceTree = "<group>"; };
		C1BB0FD61D481EFF000312C1 /* NSDCacheController.m */ = {isa = PBXFileReference; fileEncoding = 4; lastKnownFileType = sourcecode.c.objc; name = NSDCacheController.m; path = gitClient/NSDCacheController.m; sourceTree = "<group>"; };
		C1BB0FD71D481EFF000312C1 /* NSDGitConstants.h */ = {isa = PBXFileReference; fileEncoding = 4; lastKnownFileType = sourcecode.c.h; name = NSDGitConstants.h; path = gitClient/NSDGitConstants.h; sourceTree = "<group>"; };
		C1BB0FD81D481EFF000312C1 /* NSDGitConstants.m */ = {isa = PBXFileReference; fileEncoding = 4; lastKnownFileType = sourcecode.c.objc; name = NSDGitConstants.m; path = gitClient/NSDGitConstants.m; sourceTree = "<group>"; };
		C1BB0FD91D481EFF000312C1 /* NSDGitManager_Private.h */ = {isa = PBXFileReference; fileEncoding = 4; lastKnownFileType = sourcecode.c.h; name = NSDGitManager_Private.h; path = gitClient/NSDGitManager_Private.h; sourceTree = "<group>"; };
		C1BB0FDA1D481EFF000312C1 /* NSDGitManager.h */ = {isa = PBXFileReference; fileEncoding = 4; lastKnownFileType = sourcecode.c.h; name = NSDGitManager.h; path = gitClient/NSDGitManager.h; sourceTree = "<group>"; };
		C1BB0FDB1D481EFF000312C1 /* NSDGitManager.m */ = {isa = PBXFileReference; fileEncoding = 4; lastKnownFileType = sourcecode.c.objc; name = NSDGitManager.m; path = gitClient/NSDGitManager.m; sourceTree = "<group>"; };
		C1BB0FDC1D481EFF000312C1 /* NSDictionary+NSDNetworkConnection.h */ = {isa = PBXFileReference; fileEncoding = 4; lastKnownFileType = sourcecode.c.h; name = "NSDictionary+NSDNetworkConnection.h"; path = "gitClient/NSDictionary+NSDNetworkConnection.h"; sourceTree = "<group>"; };
		C1BB0FDD1D481EFF000312C1 /* NSDictionary+NSDNetworkConnection.m */ = {isa = PBXFileReference; fileEncoding = 4; lastKnownFileType = sourcecode.c.objc; name = "NSDictionary+NSDNetworkConnection.m"; path = "gitClient/NSDictionary+NSDNetworkConnection.m"; sourceTree = "<group>"; };
		C1BB0FDE1D481EFF000312C1 /* NSDMenuViewController.h */ = {isa = PBXFileReference; fileEncoding = 4; lastKnownFileType = sourcecode.c.h; name = NSDMenuViewController.h; path = gitClient/NSDMenuViewController.h; sourceTree = "<group>"; };
		C1BB0FDF1D481EFF000312C1 /* NSDMenuViewController.m */ = {isa = PBXFileReference; fileEncoding = 4; lastKnownFileType = sourcecode.c.objc; name = NSDMenuViewController.m; path = gitClient/NSDMenuViewController.m; sourceTree = "<group>"; };
		C1BB0FE01D481EFF000312C1 /* NSDNetworkController.h */ = {isa = PBXFileReference; fileEncoding = 4; lastKnownFileType = sourcecode.c.h; name = NSDNetworkController.h; path = gitClient/NSDNetworkController.h; sourceTree = "<group>"; };
		C1BB0FE11D481EFF000312C1 /* NSDNetworkController.m */ = {isa = PBXFileReference; fileEncoding = 4; lastKnownFileType = sourcecode.c.objc; name = NSDNetworkController.m; path = gitClient/NSDNetworkController.m; sourceTree = "<group>"; };
		C1BB0FE21D481EFF000312C1 /* NSDOAuthViewController.h */ = {isa = PBXFileReference; fileEncoding = 4; lastKnownFileType = sourcecode.c.h; name = NSDOAuthViewController.h; path = gitClient/NSDOAuthViewController.h; sourceTree = "<group>"; };
		C1BB0FE31D481EFF000312C1 /* NSDOAuthViewController.m */ = {isa = PBXFileReference; fileEncoding = 4; lastKnownFileType = sourcecode.c.objc; name = NSDOAuthViewController.m; path = gitClient/NSDOAuthViewController.m; sourceTree = "<group>"; };
		C1BB0FE61D481F00000312C1 /* NSDUser.h */ = {isa = PBXFileReference; fileEncoding = 4; lastKnownFileType = sourcecode.c.h; name = NSDUser.h; path = gitClient/NSDUser.h; sourceTree = "<group>"; };
		C1BB0FE71D481F00000312C1 /* NSDUser.m */ = {isa = PBXFileReference; fileEncoding = 4; lastKnownFileType = sourcecode.c.objc; name = NSDUser.m; path = gitClient/NSDUser.m; sourceTree = "<group>"; };
		C1BB0FE81D481F00000312C1 /* NSDUser+NSDInitUserWithDictionary.h */ = {isa = PBXFileReference; fileEncoding = 4; lastKnownFileType = sourcecode.c.h; name = "NSDUser+NSDInitUserWithDictionary.h"; path = "gitClient/NSDUser+NSDInitUserWithDictionary.h"; sourceTree = "<group>"; };
		C1BB0FE91D481F00000312C1 /* NSDUser+NSDInitUserWithDictionary.m */ = {isa = PBXFileReference; fileEncoding = 4; lastKnownFileType = sourcecode.c.objc; name = "NSDUser+NSDInitUserWithDictionary.m"; path = "gitClient/NSDUser+NSDInitUserWithDictionary.m"; sourceTree = "<group>"; };
		C1BB0FEA1D481F00000312C1 /* NSDUserCell.h */ = {isa = PBXFileReference; fileEncoding = 4; lastKnownFileType = sourcecode.c.h; name = NSDUserCell.h; path = gitClient/NSDUserCell.h; sourceTree = "<group>"; };
		C1BB0FEB1D481F00000312C1 /* NSDUserCell.m */ = {isa = PBXFileReference; fileEncoding = 4; lastKnownFileType = sourcecode.c.objc; name = NSDUserCell.m; path = gitClient/NSDUserCell.m; sourceTree = "<group>"; };
		C1BB0FEC1D481F00000312C1 /* NSDUserCell.xib */ = {isa = PBXFileReference; fileEncoding = 4; lastKnownFileType = file.xib; name = NSDUserCell.xib; path = gitClient/NSDUserCell.xib; sourceTree = "<group>"; };
		C1BB0FF11D481F00000312C1 /* NSMutableURLRequest+NSDNetworkConnection.h */ = {isa = PBXFileReference; fileEncoding = 4; lastKnownFileType = sourcecode.c.h; name = "NSMutableURLRequest+NSDNetworkConnection.h"; path = "gitClient/NSMutableURLRequest+NSDNetworkConnection.h"; sourceTree = "<group>"; };
		C1BB0FF21D481F00000312C1 /* NSMutableURLRequest+NSDNetworkConnection.m */ = {isa = PBXFileReference; fileEncoding = 4; lastKnownFileType = sourcecode.c.objc; name = "NSMutableURLRequest+NSDNetworkConnection.m"; path = "gitClient/NSMutableURLRequest+NSDNetworkConnection.m"; sourceTree = "<group>"; };
		C1BB0FF31D481F00000312C1 /* NSURL+NSDNetworkConnection.h */ = {isa = PBXFileReference; fileEncoding = 4; lastKnownFileType = sourcecode.c.h; name = "NSURL+NSDNetworkConnection.h"; path = "gitClient/NSURL+NSDNetworkConnection.h"; sourceTree = "<group>"; };
		C1BB0FF41D481F00000312C1 /* NSURL+NSDNetworkConnection.m */ = {isa = PBXFileReference; fileEncoding = 4; lastKnownFileType = sourcecode.c.objc; name = "NSURL+NSDNetworkConnection.m"; path = "gitClient/NSURL+NSDNetworkConnection.m"; sourceTree = "<group>"; };
		C1BBE1B11D46D4C0001B0334 /* logo.png */ = {isa = PBXFileReference; lastKnownFileType = image.png; name = logo.png; path = ../../Downloads/logo.png; sourceTree = "<group>"; };
		C1C3BE1F1D436BDE001A0E50 /* gitClient.app */ = {isa = PBXFileReference; explicitFileType = wrapper.application; includeInIndex = 0; path = gitClient.app; sourceTree = BUILT_PRODUCTS_DIR; };
		C1C3BE381D436BDE001A0E50 /* gitClientTests.xctest */ = {isa = PBXFileReference; explicitFileType = wrapper.cfbundle; includeInIndex = 0; path = gitClientTests.xctest; sourceTree = BUILT_PRODUCTS_DIR; };
		C1C3BE3C1D436BDE001A0E50 /* gitClientTests.m */ = {isa = PBXFileReference; lastKnownFileType = sourcecode.c.objc; path = gitClientTests.m; sourceTree = "<group>"; };
		C1C3BE3E1D436BDE001A0E50 /* Info.plist */ = {isa = PBXFileReference; lastKnownFileType = text.plist.xml; path = Info.plist; sourceTree = "<group>"; };
		C1D268FA1D60C99F00C3AB82 /* NSDSimpleCell.h */ = {isa = PBXFileReference; fileEncoding = 4; lastKnownFileType = sourcecode.c.h; path = NSDSimpleCell.h; sourceTree = "<group>"; };
		C1D268FB1D60C99F00C3AB82 /* NSDSimpleCell.m */ = {isa = PBXFileReference; fileEncoding = 4; lastKnownFileType = sourcecode.c.objc; path = NSDSimpleCell.m; sourceTree = "<group>"; };
		C1E2EAC81D5FFAFA0078E48F /* NSDNotification.h */ = {isa = PBXFileReference; fileEncoding = 4; lastKnownFileType = sourcecode.c.h; path = NSDNotification.h; sourceTree = "<group>"; };
		C1E2EAC91D5FFAFA0078E48F /* NSDNotification.m */ = {isa = PBXFileReference; fileEncoding = 4; lastKnownFileType = sourcecode.c.objc; path = NSDNotification.m; sourceTree = "<group>"; };
		C1E2EACB1D60036E0078E48F /* NSDNotif.xib */ = {isa = PBXFileReference; fileEncoding = 4; lastKnownFileType = file.xib; path = NSDNotif.xib; sourceTree = "<group>"; };
		C1E2EACD1D6005F80078E48F /* NSDNotif.h */ = {isa = PBXFileReference; fileEncoding = 4; lastKnownFileType = sourcecode.c.h; path = NSDNotif.h; sourceTree = "<group>"; };
		C1E2EACE1D6005F80078E48F /* NSDNotif.m */ = {isa = PBXFileReference; fileEncoding = 4; lastKnownFileType = sourcecode.c.objc; path = NSDNotif.m; sourceTree = "<group>"; };
		C1F3DFFC1D4C964600BC8556 /* NSDNotificationsViewController.h */ = {isa = PBXFileReference; fileEncoding = 4; lastKnownFileType = sourcecode.c.h; name = NSDNotificationsViewController.h; path = gitClient/NSDNotificationsViewController.h; sourceTree = "<group>"; };
		C1F3DFFD1D4C964600BC8556 /* NSDNotificationsViewController.m */ = {isa = PBXFileReference; fileEncoding = 4; lastKnownFileType = sourcecode.c.objc; name = NSDNotificationsViewController.m; path = gitClient/NSDNotificationsViewController.m; sourceTree = "<group>"; };
		C1F3E0001D4C966600BC8556 /* NSDSlideNavigationContorllerAnimator.h */ = {isa = PBXFileReference; fileEncoding = 4; lastKnownFileType = sourcecode.c.h; name = NSDSlideNavigationContorllerAnimator.h; path = gitClient/NSDSlideNavigationContorllerAnimator.h; sourceTree = "<group>"; };
		C1F3E0011D4C966600BC8556 /* NSDSlideNavigationContorllerAnimatorFade.h */ = {isa = PBXFileReference; fileEncoding = 4; lastKnownFileType = sourcecode.c.h; name = NSDSlideNavigationContorllerAnimatorFade.h; path = gitClient/NSDSlideNavigationContorllerAnimatorFade.h; sourceTree = "<group>"; };
		C1F3E0021D4C966600BC8556 /* NSDSlideNavigationContorllerAnimatorFade.m */ = {isa = PBXFileReference; fileEncoding = 4; lastKnownFileType = sourcecode.c.objc; name = NSDSlideNavigationContorllerAnimatorFade.m; path = gitClient/NSDSlideNavigationContorllerAnimatorFade.m; sourceTree = "<group>"; };
		C1F3E0031D4C966600BC8556 /* NSDSlideNavigationContorllerAnimatorScale.h */ = {isa = PBXFileReference; fileEncoding = 4; lastKnownFileType = sourcecode.c.h; name = NSDSlideNavigationContorllerAnimatorScale.h; path = gitClient/NSDSlideNavigationContorllerAnimatorScale.h; sourceTree = "<group>"; };
		C1F3E0041D4C966600BC8556 /* NSDSlideNavigationContorllerAnimatorScale.m */ = {isa = PBXFileReference; fileEncoding = 4; lastKnownFileType = sourcecode.c.objc; name = NSDSlideNavigationContorllerAnimatorScale.m; path = gitClient/NSDSlideNavigationContorllerAnimatorScale.m; sourceTree = "<group>"; };
		C1F3E0051D4C966600BC8556 /* NSDSlideNavigationContorllerAnimatorScaleAndFade.h */ = {isa = PBXFileReference; fileEncoding = 4; lastKnownFileType = sourcecode.c.h; name = NSDSlideNavigationContorllerAnimatorScaleAndFade.h; path = gitClient/NSDSlideNavigationContorllerAnimatorScaleAndFade.h; sourceTree = "<group>"; };
		C1F3E0061D4C966600BC8556 /* NSDSlideNavigationContorllerAnimatorScaleAndFade.m */ = {isa = PBXFileReference; fileEncoding = 4; lastKnownFileType = sourcecode.c.objc; name = NSDSlideNavigationContorllerAnimatorScaleAndFade.m; path = gitClient/NSDSlideNavigationContorllerAnimatorScaleAndFade.m; sourceTree = "<group>"; };
		C1F3E0071D4C966600BC8556 /* NSDSlideNavigationContorllerAnimatorSlide.h */ = {isa = PBXFileReference; fileEncoding = 4; lastKnownFileType = sourcecode.c.h; name = NSDSlideNavigationContorllerAnimatorSlide.h; path = gitClient/NSDSlideNavigationContorllerAnimatorSlide.h; sourceTree = "<group>"; };
		C1F3E0081D4C966600BC8556 /* NSDSlideNavigationContorllerAnimatorSlide.m */ = {isa = PBXFileReference; fileEncoding = 4; lastKnownFileType = sourcecode.c.objc; name = NSDSlideNavigationContorllerAnimatorSlide.m; path = gitClient/NSDSlideNavigationContorllerAnimatorSlide.m; sourceTree = "<group>"; };
		C1F3E0091D4C966600BC8556 /* NSDSlideNavigationContorllerAnimatorSlideAndFade.h */ = {isa = PBXFileReference; fileEncoding = 4; lastKnownFileType = sourcecode.c.h; name = NSDSlideNavigationContorllerAnimatorSlideAndFade.h; path = gitClient/NSDSlideNavigationContorllerAnimatorSlideAndFade.h; sourceTree = "<group>"; };
		C1F3E00A1D4C966600BC8556 /* NSDSlideNavigationContorllerAnimatorSlideAndFade.m */ = {isa = PBXFileReference; fileEncoding = 4; lastKnownFileType = sourcecode.c.objc; name = NSDSlideNavigationContorllerAnimatorSlideAndFade.m; path = gitClient/NSDSlideNavigationContorllerAnimatorSlideAndFade.m; sourceTree = "<group>"; };
		C1F3E00B1D4C966600BC8556 /* NSDSlideNavigatorController.h */ = {isa = PBXFileReference; fileEncoding = 4; lastKnownFileType = sourcecode.c.h; name = NSDSlideNavigatorController.h; path = gitClient/NSDSlideNavigatorController.h; sourceTree = "<group>"; };
		C1F3E00C1D4C966600BC8556 /* NSDSlideNavigatorController.m */ = {isa = PBXFileReference; fileEncoding = 4; lastKnownFileType = sourcecode.c.objc; name = NSDSlideNavigatorController.m; path = gitClient/NSDSlideNavigatorController.m; sourceTree = "<group>"; };
		C1FA3EB71D4A071700E9D7B8 /* LaunchScreen.storyboard */ = {isa = PBXFileReference; fileEncoding = 4; lastKnownFileType = file.storyboard; name = LaunchScreen.storyboard; path = gitClient/LaunchScreen.storyboard; sourceTree = "<group>"; };
		C1FA3EBD1D4A136B00E9D7B8 /* NSDRepo.h */ = {isa = PBXFileReference; fileEncoding = 4; lastKnownFileType = sourcecode.c.h; name = NSDRepo.h; path = gitClient/NSDRepo.h; sourceTree = "<group>"; };
		C1FA3EBE1D4A136B00E9D7B8 /* NSDRepo.m */ = {isa = PBXFileReference; fileEncoding = 4; lastKnownFileType = sourcecode.c.objc; name = NSDRepo.m; path = gitClient/NSDRepo.m; sourceTree = "<group>"; };
		C1FA3EBF1D4A136B00E9D7B8 /* NSDRepo+InitWithDictionary.h */ = {isa = PBXFileReference; fileEncoding = 4; lastKnownFileType = sourcecode.c.h; name = "NSDRepo+InitWithDictionary.h"; path = "gitClient/NSDRepo+InitWithDictionary.h"; sourceTree = "<group>"; };
		C1FA3EC01D4A136B00E9D7B8 /* NSDRepo+InitWithDictionary.m */ = {isa = PBXFileReference; fileEncoding = 4; lastKnownFileType = sourcecode.c.objc; name = "NSDRepo+InitWithDictionary.m"; path = "gitClient/NSDRepo+InitWithDictionary.m"; sourceTree = "<group>"; };
		C1FA3EC11D4A136B00E9D7B8 /* NSDRepoCell.h */ = {isa = PBXFileReference; fileEncoding = 4; lastKnownFileType = sourcecode.c.h; name = NSDRepoCell.h; path = gitClient/NSDRepoCell.h; sourceTree = "<group>"; };
		C1FA3EC21D4A136B00E9D7B8 /* NSDRepoCell.m */ = {isa = PBXFileReference; fileEncoding = 4; lastKnownFileType = sourcecode.c.objc; name = NSDRepoCell.m; path = gitClient/NSDRepoCell.m; sourceTree = "<group>"; };
		C1FA3EC61D4A139800E9D7B8 /* NSDRepoCell.xib */ = {isa = PBXFileReference; fileEncoding = 4; lastKnownFileType = file.xib; name = NSDRepoCell.xib; path = gitClient/NSDRepoCell.xib; sourceTree = "<group>"; };
		C1FF11B31D5E613100891B6B /* NSDMenuItemCell.h */ = {isa = PBXFileReference; fileEncoding = 4; lastKnownFileType = sourcecode.c.h; path = NSDMenuItemCell.h; sourceTree = "<group>"; };
		C1FF11B41D5E613100891B6B /* NSDMenuItemCell.m */ = {isa = PBXFileReference; fileEncoding = 4; lastKnownFileType = sourcecode.c.objc; path = NSDMenuItemCell.m; sourceTree = "<group>"; };
/* End PBXFileReference section */

/* Begin PBXFrameworksBuildPhase section */
		C1C3BE1C1D436BDE001A0E50 /* Frameworks */ = {
			isa = PBXFrameworksBuildPhase;
			buildActionMask = 2147483647;
			files = (
			);
			runOnlyForDeploymentPostprocessing = 0;
		};
		C1C3BE351D436BDE001A0E50 /* Frameworks */ = {
			isa = PBXFrameworksBuildPhase;
			buildActionMask = 2147483647;
			files = (
			);
			runOnlyForDeploymentPostprocessing = 0;
		};
/* End PBXFrameworksBuildPhase section */

/* Begin PBXGroup section */
		C10220F31D5CE365006AF027 /* XML */ = {
			isa = PBXGroup;
			children = (
				C10220F41D5CE38E006AF027 /* NSDXMLParser.h */,
				C10220F51D5CE38E006AF027 /* NSDXMLParser.m */,
			);
			name = XML;
			sourceTree = "<group>";
		};
		C10220FA1D5D1021006AF027 /* Cache */ = {
			isa = PBXGroup;
			children = (
				C1BB0FD51D481EFF000312C1 /* NSDCacheController.h */,
				C1BB0FD61D481EFF000312C1 /* NSDCacheController.m */,
			);
			name = Cache;
			sourceTree = "<group>";
		};
		C107BC621D4BDCF2004220F5 /* CustomNavigatorController */ = {
			isa = PBXGroup;
			children = (
				C1FAAEAA1D4BE785009E312A /* Animations */,
				C1F3E00B1D4C966600BC8556 /* NSDSlideNavigatorController.h */,
				C1F3E00C1D4C966600BC8556 /* NSDSlideNavigatorController.m */,
			);
			name = CustomNavigatorController;
			sourceTree = "<group>";
		};
		C110DFD71D56408800C65EB8 /* NSDNavigatorController */ = {
			isa = PBXGroup;
			children = (
				C1197FAC1D4D0BA2006DA0EF /* NSDNavigatorController.h */,
				C1197FAD1D4D0BA2006DA0EF /* NSDNavigatorController.m */,
			);
			name = NSDNavigatorController;
			sourceTree = "<group>";
		};
		C110DFD81D5641D500C65EB8 /* NSDDetaliedUserProfileViewController */ = {
			isa = PBXGroup;
			children = (
				C1BB0FD31D481EFF000312C1 /* NSDDetaliedUserProfileViewController.h */,
				C1BB0FD41D481EFF000312C1 /* NSDDetaliedUserProfileViewController.m */,
			);
			name = NSDDetaliedUserProfileViewController;
			sourceTree = "<group>";
		};
		C110DFD91D56424100C65EB8 /* NSDNewsViewController */ = {
			isa = PBXGroup;
			children = (
				C110DFDB1D5643AA00C65EB8 /* NSDNewsViewController.h */,
				C110DFDC1D5643AA00C65EB8 /* NSDNewsViewController.m */,
			);
			name = NSDNewsViewController;
			sourceTree = "<group>";
		};
		C110DFDA1D56427600C65EB8 /* NSDOAuthViewController */ = {
			isa = PBXGroup;
			children = (
				C1BB0FE21D481EFF000312C1 /* NSDOAuthViewController.h */,
				C1BB0FE31D481EFF000312C1 /* NSDOAuthViewController.m */,
			);
			name = NSDOAuthViewController;
			sourceTree = "<group>";
		};
		C112FD2C1D48A14F008E2C7B /* AppDelegate */ = {
			isa = PBXGroup;
			children = (
				C1BB0FC51D481EBB000312C1 /* AppDelegate.h */,
				C1BB0FC61D481EBB000312C1 /* AppDelegate.m */,
			);
			name = AppDelegate;
			sourceTree = "<group>";
		};
		C112FD2D1D48A163008E2C7B /* UI */ = {
			isa = PBXGroup;
			children = (
				C1BB0FCD1D481EE3000312C1 /* Main.storyboard */,
				C1BB0FEC1D481F00000312C1 /* NSDUserCell.xib */,
				C1FA3EC61D4A139800E9D7B8 /* NSDRepoCell.xib */,
				C1FA3EB71D4A071700E9D7B8 /* LaunchScreen.storyboard */,
				C1197FAF1D4D299B006DA0EF /* NSDProgressCell.xib */,
				C1197FB31D4D52E5006DA0EF /* NSDMenuItemCell.xib */,
				C10220FB1D5D1511006AF027 /* NSDFeedCell.xib */,
				C1E2EACB1D60036E0078E48F /* NSDNotif.xib */,
				C1198D341D60A40D001DF0B0 /* NSDSimpleCell.xib */,
			);
			name = UI;
			sourceTree = "<group>";
		};
		C112FD2E1D48A202008E2C7B /* Main */ = {
			isa = PBXGroup;
			children = (
				C1BB0FD21D481EFF000312C1 /* main.m */,
			);
			name = Main;
			sourceTree = "<group>";
		};
		C112FD2F1D48A212008E2C7B /* NSD */ = {
			isa = PBXGroup;
			children = (
				C112FD2D1D48A163008E2C7B /* UI */,
				C112FD331D48A363008E2C7B /* Controllers */,
				C112FD321D48A349008E2C7B /* Model */,
				C112FD311D48A32F008E2C7B /* View */,
				C112FD301D48A22A008E2C7B /* ViewControllers */,
			);
			name = NSD;
			sourceTree = "<group>";
		};
		C112FD301D48A22A008E2C7B /* ViewControllers */ = {
			isa = PBXGroup;
			children = (
				C125356C1D61DDCA007DB950 /* NSDUsersViewController */,
				C11DC4121D61137A006D2B33 /* NSDReposViewController */,
				C174A3B31D5CC27D004A4CE2 /* Base(AbstractViewControllers) */,
				C1B9A64E1D5F99E4004605B7 /* NSDActivityViewController */,
				C110DFDA1D56427600C65EB8 /* NSDOAuthViewController */,
				C110DFD91D56424100C65EB8 /* NSDNewsViewController */,
				C110DFD71D56408800C65EB8 /* NSDNavigatorController */,
				C110DFD81D5641D500C65EB8 /* NSDDetaliedUserProfileViewController */,
				C1B9A64D1D5F998C004605B7 /* NSDMenuViewController */,
				C1E2EAC71D5FE9B10078E48F /* NSDNotifViewController */,
			);
			name = ViewControllers;
			sourceTree = "<group>";
		};
		C112FD311D48A32F008E2C7B /* View */ = {
			isa = PBXGroup;
			children = (
				C1FA3EC11D4A136B00E9D7B8 /* NSDRepoCell.h */,
				C1FA3EC21D4A136B00E9D7B8 /* NSDRepoCell.m */,
				C1BB0FEA1D481F00000312C1 /* NSDUserCell.h */,
				C1BB0FEB1D481F00000312C1 /* NSDUserCell.m */,
				C1A95F081D5DD12E00D1FDF6 /* NSDFeedCell.h */,
				C1A95F091D5DD12E00D1FDF6 /* NSDFeedCell.m */,
				C1FF11B31D5E613100891B6B /* NSDMenuItemCell.h */,
				C1FF11B41D5E613100891B6B /* NSDMenuItemCell.m */,
				C1E2EACD1D6005F80078E48F /* NSDNotif.h */,
				C1E2EACE1D6005F80078E48F /* NSDNotif.m */,
				C1D268FA1D60C99F00C3AB82 /* NSDSimpleCell.h */,
				C1D268FB1D60C99F00C3AB82 /* NSDSimpleCell.m */,
			);
			name = View;
			sourceTree = "<group>";
		};
		C112FD321D48A349008E2C7B /* Model */ = {
			isa = PBXGroup;
			children = (
				C1FA3EBD1D4A136B00E9D7B8 /* NSDRepo.h */,
				C1FA3EBE1D4A136B00E9D7B8 /* NSDRepo.m */,
				C1BB0FE61D481F00000312C1 /* NSDUser.h */,
				C1BB0FE71D481F00000312C1 /* NSDUser.m */,
				C1AD04A51D573DDC00B61DA6 /* NSDNewsRssEntry.h */,
				C1AD04A61D573DDC00B61DA6 /* NSDNewsRssEntry.m */,
				C1E2EAC81D5FFAFA0078E48F /* NSDNotification.h */,
				C1E2EAC91D5FFAFA0078E48F /* NSDNotification.m */,
			);
			name = Model;
			sourceTree = "<group>";
		};
		C112FD331D48A363008E2C7B /* Controllers */ = {
			isa = PBXGroup;
			children = (
				C10220FA1D5D1021006AF027 /* Cache */,
				C10220F31D5CE365006AF027 /* XML */,
				C1FBC09E1D54C38A00E3E70C /* ModelUtils */,
				C1FBC09D1D54C27E00E3E70C /* Network */,
			);
			name = Controllers;
			sourceTree = "<group>";
		};
		C11DC4121D61137A006D2B33 /* NSDReposViewController */ = {
			isa = PBXGroup;
			children = (
				C11DC4131D6113A6006D2B33 /* NSDReposViewController.h */,
				C11DC4141D6113A6006D2B33 /* NSDReposViewController.m */,
			);
			name = NSDReposViewController;
			sourceTree = "<group>";
		};
		C125356C1D61DDCA007DB950 /* NSDUsersViewController */ = {
			isa = PBXGroup;
			children = (
				C125356D1D61DDE7007DB950 /* NSDUserViewController.h */,
				C125356E1D61DDE7007DB950 /* NSDUserViewController.m */,
			);
			name = NSDUsersViewController;
			sourceTree = "<group>";
		};
		C174A3B31D5CC27D004A4CE2 /* Base(AbstractViewControllers) */ = {
			isa = PBXGroup;
			children = (
				C174A3B01D5CC0AC004A4CE2 /* NSDBaseViewController.h */,
				C174A3B11D5CC0AC004A4CE2 /* NSDBaseViewController.m */,
				C174A3B51D5CC2D3004A4CE2 /* NSDBaseTableViewController.h */,
				C174A3B61D5CC2D3004A4CE2 /* NSDBaseTableViewController.m */,
			);
			name = "Base(AbstractViewControllers)";
			sourceTree = "<group>";
		};
		C1B9A64D1D5F998C004605B7 /* NSDMenuViewController */ = {
			isa = PBXGroup;
			children = (
				C1BB0FDE1D481EFF000312C1 /* NSDMenuViewController.h */,
				C1BB0FDF1D481EFF000312C1 /* NSDMenuViewController.m */,
			);
			name = NSDMenuViewController;
			sourceTree = "<group>";
		};
		C1B9A64E1D5F99E4004605B7 /* NSDActivityViewController */ = {
			isa = PBXGroup;
			children = (
				C1B9A64F1D5F9A0D004605B7 /* NSDActivityViewController.h */,
				C1B9A6501D5F9A0D004605B7 /* NSDActivityViewController.m */,
			);
			name = NSDActivityViewController;
			sourceTree = "<group>";
		};
		C1BB0FC41D481EAA000312C1 /* gitClient */ = {
			isa = PBXGroup;
			children = (
				C112FD2F1D48A212008E2C7B /* NSD */,
				C112FD2C1D48A14F008E2C7B /* AppDelegate */,
				C1BB0FC81D481ED7000312C1 /* Assets.xcassets */,
				C112FD2E1D48A202008E2C7B /* Main */,
			);
			name = gitClient;
			sourceTree = "<group>";
		};
		C1C3BE161D436BDE001A0E50 = {
			isa = PBXGroup;
			children = (
				C169765F1D5F1521003EC981 /* news22.png */,
				C16976601D5F1521003EC981 /* news44.png */,
				C16976611D5F1521003EC981 /* news66.png */,
				C107BC621D4BDCF2004220F5 /* CustomNavigatorController */,
				C1BB0FC41D481EAA000312C1 /* gitClient */,
				C1C3BE3B1D436BDE001A0E50 /* gitClientTests */,
				C1C3BE201D436BDE001A0E50 /* Products */,
				C1BBE1B11D46D4C0001B0334 /* logo.png */,
			);
			sourceTree = "<group>";
		};
		C1C3BE201D436BDE001A0E50 /* Products */ = {
			isa = PBXGroup;
			children = (
				C1C3BE1F1D436BDE001A0E50 /* gitClient.app */,
				C1C3BE381D436BDE001A0E50 /* gitClientTests.xctest */,
			);
			name = Products;
			sourceTree = "<group>";
		};
		C1C3BE3B1D436BDE001A0E50 /* gitClientTests */ = {
			isa = PBXGroup;
			children = (
				C1C3BE3C1D436BDE001A0E50 /* gitClientTests.m */,
				C1C3BE3E1D436BDE001A0E50 /* Info.plist */,
			);
			path = gitClientTests;
			sourceTree = "<group>";
		};
		C1E2EAC71D5FE9B10078E48F /* NSDNotifViewController */ = {
			isa = PBXGroup;
			children = (
				C1F3DFFC1D4C964600BC8556 /* NSDNotificationsViewController.h */,
				C1F3DFFD1D4C964600BC8556 /* NSDNotificationsViewController.m */,
			);
			name = NSDNotifViewController;
			sourceTree = "<group>";
		};
		C1FAAEAA1D4BE785009E312A /* Animations */ = {
			isa = PBXGroup;
			children = (
				C1F3E0001D4C966600BC8556 /* NSDSlideNavigationContorllerAnimator.h */,
				C1F3E0011D4C966600BC8556 /* NSDSlideNavigationContorllerAnimatorFade.h */,
				C1F3E0021D4C966600BC8556 /* NSDSlideNavigationContorllerAnimatorFade.m */,
				C1F3E0031D4C966600BC8556 /* NSDSlideNavigationContorllerAnimatorScale.h */,
				C1F3E0041D4C966600BC8556 /* NSDSlideNavigationContorllerAnimatorScale.m */,
				C1F3E0051D4C966600BC8556 /* NSDSlideNavigationContorllerAnimatorScaleAndFade.h */,
				C1F3E0061D4C966600BC8556 /* NSDSlideNavigationContorllerAnimatorScaleAndFade.m */,
				C1F3E0071D4C966600BC8556 /* NSDSlideNavigationContorllerAnimatorSlide.h */,
				C1F3E0081D4C966600BC8556 /* NSDSlideNavigationContorllerAnimatorSlide.m */,
				C1F3E0091D4C966600BC8556 /* NSDSlideNavigationContorllerAnimatorSlideAndFade.h */,
				C1F3E00A1D4C966600BC8556 /* NSDSlideNavigationContorllerAnimatorSlideAndFade.m */,
			);
			name = Animations;
			sourceTree = "<group>";
		};
		C1FBC09D1D54C27E00E3E70C /* Network */ = {
			isa = PBXGroup;
			children = (
				C1BB0FE01D481EFF000312C1 /* NSDNetworkController.h */,
				C1BB0FD71D481EFF000312C1 /* NSDGitConstants.h */,
				C1BB0FDA1D481EFF000312C1 /* NSDGitManager.h */,
				C1BB0FD91D481EFF000312C1 /* NSDGitManager_Private.h */,
				C1BB0FF11D481F00000312C1 /* NSMutableURLRequest+NSDNetworkConnection.h */,
				C1BB0FDC1D481EFF000312C1 /* NSDictionary+NSDNetworkConnection.h */,
				C1BB0FF31D481F00000312C1 /* NSURL+NSDNetworkConnection.h */,
				C1BB0FD81D481EFF000312C1 /* NSDGitConstants.m */,
				C1BB0FE11D481EFF000312C1 /* NSDNetworkController.m */,
				C1BB0FDB1D481EFF000312C1 /* NSDGitManager.m */,
				C1BB0FF21D481F00000312C1 /* NSMutableURLRequest+NSDNetworkConnection.m */,
				C1BB0FDD1D481EFF000312C1 /* NSDictionary+NSDNetworkConnection.m */,
				C1BB0FF41D481F00000312C1 /* NSURL+NSDNetworkConnection.m */,
			);
			name = Network;
			sourceTree = "<group>";
		};
		C1FBC09E1D54C38A00E3E70C /* ModelUtils */ = {
			isa = PBXGroup;
			children = (
				C1FA3EBF1D4A136B00E9D7B8 /* NSDRepo+InitWithDictionary.h */,
				C1FA3EC01D4A136B00E9D7B8 /* NSDRepo+InitWithDictionary.m */,
				C1BB0FE81D481F00000312C1 /* NSDUser+NSDInitUserWithDictionary.h */,
				C1BB0FE91D481F00000312C1 /* NSDUser+NSDInitUserWithDictionary.m */,
			);
			name = ModelUtils;
			sourceTree = "<group>";
		};
/* End PBXGroup section */

/* Begin PBXNativeTarget section */
		C1C3BE1E1D436BDE001A0E50 /* gitClient */ = {
			isa = PBXNativeTarget;
			buildConfigurationList = C1C3BE411D436BDE001A0E50 /* Build configuration list for PBXNativeTarget "gitClient" */;
			buildPhases = (
				C1C3BE1B1D436BDE001A0E50 /* Sources */,
				C1C3BE1C1D436BDE001A0E50 /* Frameworks */,
				C1C3BE1D1D436BDE001A0E50 /* Resources */,
			);
			buildRules = (
			);
			dependencies = (
			);
			name = gitClient;
			productName = gitClient;
			productReference = C1C3BE1F1D436BDE001A0E50 /* gitClient.app */;
			productType = "com.apple.product-type.application";
		};
		C1C3BE371D436BDE001A0E50 /* gitClientTests */ = {
			isa = PBXNativeTarget;
			buildConfigurationList = C1C3BE441D436BDE001A0E50 /* Build configuration list for PBXNativeTarget "gitClientTests" */;
			buildPhases = (
				C1C3BE341D436BDE001A0E50 /* Sources */,
				C1C3BE351D436BDE001A0E50 /* Frameworks */,
				C1C3BE361D436BDE001A0E50 /* Resources */,
			);
			buildRules = (
			);
			dependencies = (
				C1C3BE3A1D436BDE001A0E50 /* PBXTargetDependency */,
			);
			name = gitClientTests;
			productName = gitClientTests;
			productReference = C1C3BE381D436BDE001A0E50 /* gitClientTests.xctest */;
			productType = "com.apple.product-type.bundle.unit-test";
		};
/* End PBXNativeTarget section */

/* Begin PBXProject section */
		C1C3BE171D436BDE001A0E50 /* Project object */ = {
			isa = PBXProject;
			attributes = {
				LastUpgradeCheck = 0720;
				ORGANIZATIONNAME = nullStackDev;
				TargetAttributes = {
					C1C3BE1E1D436BDE001A0E50 = {
						CreatedOnToolsVersion = 7.2.1;
						DevelopmentTeam = 3CNYS54QTZ;
						SystemCapabilities = {
							com.apple.BackgroundModes = {
								enabled = 0;
							};
							com.apple.Maps.iOS = {
								enabled = 0;
							};
						};
					};
					C1C3BE371D436BDE001A0E50 = {
						CreatedOnToolsVersion = 7.2.1;
						DevelopmentTeam = 3CNYS54QTZ;
						TestTargetID = C1C3BE1E1D436BDE001A0E50;
					};
				};
			};
			buildConfigurationList = C1C3BE1A1D436BDE001A0E50 /* Build configuration list for PBXProject "gitClient" */;
			compatibilityVersion = "Xcode 3.2";
			developmentRegion = English;
			hasScannedForEncodings = 0;
			knownRegions = (
				en,
				Base,
			);
			mainGroup = C1C3BE161D436BDE001A0E50;
			productRefGroup = C1C3BE201D436BDE001A0E50 /* Products */;
			projectDirPath = "";
			projectRoot = "";
			targets = (
				C1C3BE1E1D436BDE001A0E50 /* gitClient */,
				C1C3BE371D436BDE001A0E50 /* gitClientTests */,
			);
		};
/* End PBXProject section */

/* Begin PBXResourcesBuildPhase section */
		C1C3BE1D1D436BDE001A0E50 /* Resources */ = {
			isa = PBXResourcesBuildPhase;
			buildActionMask = 2147483647;
			files = (
				C1198D351D60A40D001DF0B0 /* NSDSimpleCell.xib in Resources */,
				C1BBE1B21D46D4C0001B0334 /* logo.png in Resources */,
				C16976621D5F1521003EC981 /* news22.png in Resources */,
				C1BB0FCF1D481EE3000312C1 /* Main.storyboard in Resources */,
				C1197FB41D4D52E5006DA0EF /* NSDMenuItemCell.xib in Resources */,
				C16976631D5F1521003EC981 /* news44.png in Resources */,
				C1E2EACC1D60036E0078E48F /* NSDNotif.xib in Resources */,
				C10220FC1D5D1511006AF027 /* NSDFeedCell.xib in Resources */,
				C1FA3EB81D4A071700E9D7B8 /* LaunchScreen.storyboard in Resources */,
				C16976641D5F1521003EC981 /* news66.png in Resources */,
				C1BB10021D481F00000312C1 /* NSDUserCell.xib in Resources */,
				C1FA3EC71D4A139800E9D7B8 /* NSDRepoCell.xib in Resources */,
				C1BB0FC91D481ED7000312C1 /* Assets.xcassets in Resources */,
				C1197FB01D4D299B006DA0EF /* NSDProgressCell.xib in Resources */,
			);
			runOnlyForDeploymentPostprocessing = 0;
		};
		C1C3BE361D436BDE001A0E50 /* Resources */ = {
			isa = PBXResourcesBuildPhase;
			buildActionMask = 2147483647;
			files = (
			);
			runOnlyForDeploymentPostprocessing = 0;
		};
/* End PBXResourcesBuildPhase section */

/* Begin PBXSourcesBuildPhase section */
		C1C3BE1B1D436BDE001A0E50 /* Sources */ = {
			isa = PBXSourcesBuildPhase;
			buildActionMask = 2147483647;
			files = (
				C1BB0FF81D481F00000312C1 /* NSDGitConstants.m in Sources */,
				C1A95F0A1D5DD12E00D1FDF6 /* NSDFeedCell.m in Sources */,
				C1E2EACA1D5FFAFA0078E48F /* NSDNotification.m in Sources */,
				C1BB0FC71D481EBB000312C1 /* AppDelegate.m in Sources */,
				C1BB0FFD1D481F00000312C1 /* NSDOAuthViewController.m in Sources */,
				C125356F1D61DDE7007DB950 /* NSDUserViewController.m in Sources */,
				C1BB0FF61D481F00000312C1 /* NSDDetaliedUserProfileViewController.m in Sources */,
				C1F3E0131D4C966600BC8556 /* NSDSlideNavigatorController.m in Sources */,
				C110DFDD1D5643AA00C65EB8 /* NSDNewsViewController.m in Sources */,
				C1B9A6511D5F9A0D004605B7 /* NSDActivityViewController.m in Sources */,
				C1FA3EC31D4A136B00E9D7B8 /* NSDRepo.m in Sources */,
				C1BB0FF51D481F00000312C1 /* main.m in Sources */,
				C1FA3EC51D4A136B00E9D7B8 /* NSDRepoCell.m in Sources */,
				C1F3E0111D4C966600BC8556 /* NSDSlideNavigationContorllerAnimatorSlide.m in Sources */,
				C1F3E0101D4C966600BC8556 /* NSDSlideNavigationContorllerAnimatorScaleAndFade.m in Sources */,
				C1BB0FF91D481F00000312C1 /* NSDGitManager.m in Sources */,
				C1AD04A71D573DDC00B61DA6 /* NSDNewsRssEntry.m in Sources */,
				C11DC4151D6113A6006D2B33 /* NSDReposViewController.m in Sources */,
				C1BB0FFC1D481F00000312C1 /* NSDNetworkController.m in Sources */,
				C1FA3EC41D4A136B00E9D7B8 /* NSDRepo+InitWithDictionary.m in Sources */,
				C1F3E00E1D4C966600BC8556 /* NSDSlideNavigationContorllerAnimatorFade.m in Sources */,
				C174A3B71D5CC2D3004A4CE2 /* NSDBaseTableViewController.m in Sources */,
				C1BB10001D481F00000312C1 /* NSDUser+NSDInitUserWithDictionary.m in Sources */,
				C1F3E0121D4C966600BC8556 /* NSDSlideNavigationContorllerAnimatorSlideAndFade.m in Sources */,
				C1197FAE1D4D0BA2006DA0EF /* NSDNavigatorController.m in Sources */,
				C1F3E00F1D4C966600BC8556 /* NSDSlideNavigationContorllerAnimatorScale.m in Sources */,
				C174A3B21D5CC0AC004A4CE2 /* NSDBaseViewController.m in Sources */,
				C1BB10051D481F00000312C1 /* NSMutableURLRequest+NSDNetworkConnection.m in Sources */,
				C1E2EACF1D6005F80078E48F /* NSDNotif.m in Sources */,
				C1BB0FFB1D481F00000312C1 /* NSDMenuViewController.m in Sources */,
				C1BB10011D481F00000312C1 /* NSDUserCell.m in Sources */,
				C1FF11B51D5E613100891B6B /* NSDMenuItemCell.m in Sources */,
				C1F3DFFE1D4C964600BC8556 /* NSDNotificationsViewController.m in Sources */,
				C10220F61D5CE38E006AF027 /* NSDXMLParser.m in Sources */,
				C1BB10061D481F00000312C1 /* NSURL+NSDNetworkConnection.m in Sources */,
				C1D268FC1D60C99F00C3AB82 /* NSDSimpleCell.m in Sources */,
				C1BB0FF71D481F00000312C1 /* NSDCacheController.m in Sources */,
				C1BB0FFF1D481F00000312C1 /* NSDUser.m in Sources */,
				C1BB0FFA1D481F00000312C1 /* NSDictionary+NSDNetworkConnection.m in Sources */,
			);
			runOnlyForDeploymentPostprocessing = 0;
		};
		C1C3BE341D436BDE001A0E50 /* Sources */ = {
			isa = PBXSourcesBuildPhase;
			buildActionMask = 2147483647;
			files = (
				C1C3BE3D1D436BDE001A0E50 /* gitClientTests.m in Sources */,
			);
			runOnlyForDeploymentPostprocessing = 0;
		};
/* End PBXSourcesBuildPhase section */

/* Begin PBXTargetDependency section */
		C1C3BE3A1D436BDE001A0E50 /* PBXTargetDependency */ = {
			isa = PBXTargetDependency;
			target = C1C3BE1E1D436BDE001A0E50 /* gitClient */;
			targetProxy = C1C3BE391D436BDE001A0E50 /* PBXContainerItemProxy */;
		};
/* End PBXTargetDependency section */

/* Begin PBXVariantGroup section */
		C1BB0FCD1D481EE3000312C1 /* Main.storyboard */ = {
			isa = PBXVariantGroup;
			children = (
				C1BB0FCE1D481EE3000312C1 /* Base */,
			);
			name = Main.storyboard;
			sourceTree = "<group>";
		};
/* End PBXVariantGroup section */

/* Begin XCBuildConfiguration section */
		C1C3BE3F1D436BDE001A0E50 /* Debug */ = {
			isa = XCBuildConfiguration;
			buildSettings = {
				ALWAYS_SEARCH_USER_PATHS = NO;
				CLANG_CXX_LANGUAGE_STANDARD = "gnu++0x";
				CLANG_CXX_LIBRARY = "libc++";
				CLANG_ENABLE_MODULES = YES;
				CLANG_ENABLE_OBJC_ARC = YES;
				CLANG_WARN_BOOL_CONVERSION = YES;
				CLANG_WARN_CONSTANT_CONVERSION = YES;
				CLANG_WARN_DIRECT_OBJC_ISA_USAGE = YES_ERROR;
				CLANG_WARN_EMPTY_BODY = YES;
				CLANG_WARN_ENUM_CONVERSION = YES;
				CLANG_WARN_INT_CONVERSION = YES;
				CLANG_WARN_OBJC_ROOT_CLASS = YES_ERROR;
				CLANG_WARN_UNREACHABLE_CODE = YES;
				CLANG_WARN__DUPLICATE_METHOD_MATCH = YES;
				"CODE_SIGN_IDENTITY[sdk=iphoneos*]" = "iPhone Developer";
				COPY_PHASE_STRIP = NO;
				DEBUG_INFORMATION_FORMAT = dwarf;
				ENABLE_STRICT_OBJC_MSGSEND = YES;
				ENABLE_TESTABILITY = YES;
				GCC_C_LANGUAGE_STANDARD = gnu99;
				GCC_DYNAMIC_NO_PIC = NO;
				GCC_NO_COMMON_BLOCKS = YES;
				GCC_OPTIMIZATION_LEVEL = 0;
				GCC_PREPROCESSOR_DEFINITIONS = (
					"DEBUG=1",
					"$(inherited)",
				);
				GCC_WARN_64_TO_32_BIT_CONVERSION = YES;
				GCC_WARN_ABOUT_RETURN_TYPE = YES_ERROR;
				GCC_WARN_UNDECLARED_SELECTOR = YES;
				GCC_WARN_UNINITIALIZED_AUTOS = YES_AGGRESSIVE;
				GCC_WARN_UNUSED_FUNCTION = YES;
				GCC_WARN_UNUSED_VARIABLE = YES;
				IPHONEOS_DEPLOYMENT_TARGET = 9.2;
				MTL_ENABLE_DEBUG_INFO = YES;
				ONLY_ACTIVE_ARCH = YES;
				SDKROOT = iphoneos;
				TARGETED_DEVICE_FAMILY = "1,2";
			};
			name = Debug;
		};
		C1C3BE401D436BDE001A0E50 /* Release */ = {
			isa = XCBuildConfiguration;
			buildSettings = {
				ALWAYS_SEARCH_USER_PATHS = NO;
				CLANG_CXX_LANGUAGE_STANDARD = "gnu++0x";
				CLANG_CXX_LIBRARY = "libc++";
				CLANG_ENABLE_MODULES = YES;
				CLANG_ENABLE_OBJC_ARC = YES;
				CLANG_WARN_BOOL_CONVERSION = YES;
				CLANG_WARN_CONSTANT_CONVERSION = YES;
				CLANG_WARN_DIRECT_OBJC_ISA_USAGE = YES_ERROR;
				CLANG_WARN_EMPTY_BODY = YES;
				CLANG_WARN_ENUM_CONVERSION = YES;
				CLANG_WARN_INT_CONVERSION = YES;
				CLANG_WARN_OBJC_ROOT_CLASS = YES_ERROR;
				CLANG_WARN_UNREACHABLE_CODE = YES;
				CLANG_WARN__DUPLICATE_METHOD_MATCH = YES;
				"CODE_SIGN_IDENTITY[sdk=iphoneos*]" = "iPhone Developer";
				COPY_PHASE_STRIP = NO;
				DEBUG_INFORMATION_FORMAT = "dwarf-with-dsym";
				ENABLE_NS_ASSERTIONS = NO;
				ENABLE_STRICT_OBJC_MSGSEND = YES;
				GCC_C_LANGUAGE_STANDARD = gnu99;
				GCC_NO_COMMON_BLOCKS = YES;
				GCC_WARN_64_TO_32_BIT_CONVERSION = YES;
				GCC_WARN_ABOUT_RETURN_TYPE = YES_ERROR;
				GCC_WARN_UNDECLARED_SELECTOR = YES;
				GCC_WARN_UNINITIALIZED_AUTOS = YES_AGGRESSIVE;
				GCC_WARN_UNUSED_FUNCTION = YES;
				GCC_WARN_UNUSED_VARIABLE = YES;
				IPHONEOS_DEPLOYMENT_TARGET = 9.2;
				MTL_ENABLE_DEBUG_INFO = NO;
				SDKROOT = iphoneos;
				TARGETED_DEVICE_FAMILY = "1,2";
				VALIDATE_PRODUCT = YES;
			};
			name = Release;
		};
		C1C3BE421D436BDE001A0E50 /* Debug */ = {
			isa = XCBuildConfiguration;
			buildSettings = {
				ASSETCATALOG_COMPILER_APPICON_NAME = AppIcon;
				INFOPLIST_FILE = "$(SRCROOT)/gitClientTests/Info.plist";
				IPHONEOS_DEPLOYMENT_TARGET = 9.2;
				LD_RUNPATH_SEARCH_PATHS = "$(inherited) @executable_path/Frameworks";
				PRODUCT_BUNDLE_IDENTIFIER = no.org.com.gitClient;
				PRODUCT_NAME = "$(TARGET_NAME)";
				TARGETED_DEVICE_FAMILY = "1,2";
			};
			name = Debug;
		};
		C1C3BE431D436BDE001A0E50 /* Release */ = {
			isa = XCBuildConfiguration;
			buildSettings = {
				ASSETCATALOG_COMPILER_APPICON_NAME = AppIcon;
				INFOPLIST_FILE = "$(SRCROOT)/gitClientTests/Info.plist";
				IPHONEOS_DEPLOYMENT_TARGET = 9.2;
				LD_RUNPATH_SEARCH_PATHS = "$(inherited) @executable_path/Frameworks";
				PRODUCT_BUNDLE_IDENTIFIER = no.org.com.gitClient;
				PRODUCT_NAME = "$(TARGET_NAME)";
				TARGETED_DEVICE_FAMILY = "1,2";
			};
			name = Release;
		};
		C1C3BE451D436BDE001A0E50 /* Debug */ = {
			isa = XCBuildConfiguration;
			buildSettings = {
				BUNDLE_LOADER = "$(TEST_HOST)";
				INFOPLIST_FILE = gitClientTests/Info.plist;
				LD_RUNPATH_SEARCH_PATHS = "$(inherited) @executable_path/Frameworks @loader_path/Frameworks";
				PRODUCT_BUNDLE_IDENTIFIER = no.org.com.gitClientTests;
				PRODUCT_NAME = "$(TARGET_NAME)";
				TEST_HOST = "$(BUILT_PRODUCTS_DIR)/gitClient.app/gitClient";
			};
			name = Debug;
		};
		C1C3BE461D436BDE001A0E50 /* Release */ = {
			isa = XCBuildConfiguration;
			buildSettings = {
				BUNDLE_LOADER = "$(TEST_HOST)";
				INFOPLIST_FILE = gitClientTests/Info.plist;
				LD_RUNPATH_SEARCH_PATHS = "$(inherited) @executable_path/Frameworks @loader_path/Frameworks";
				PRODUCT_BUNDLE_IDENTIFIER = no.org.com.gitClientTests;
				PRODUCT_NAME = "$(TARGET_NAME)";
				TEST_HOST = "$(BUILT_PRODUCTS_DIR)/gitClient.app/gitClient";
			};
			name = Release;
		};
/* End XCBuildConfiguration section */

/* Begin XCConfigurationList section */
		C1C3BE1A1D436BDE001A0E50 /* Build configuration list for PBXProject "gitClient" */ = {
			isa = XCConfigurationList;
			buildConfigurations = (
				C1C3BE3F1D436BDE001A0E50 /* Debug */,
				C1C3BE401D436BDE001A0E50 /* Release */,
			);
			defaultConfigurationIsVisible = 0;
			defaultConfigurationName = Release;
		};
		C1C3BE411D436BDE001A0E50 /* Build configuration list for PBXNativeTarget "gitClient" */ = {
			isa = XCConfigurationList;
			buildConfigurations = (
				C1C3BE421D436BDE001A0E50 /* Debug */,
				C1C3BE431D436BDE001A0E50 /* Release */,
			);
			defaultConfigurationIsVisible = 0;
			defaultConfigurationName = Release;
		};
		C1C3BE441D436BDE001A0E50 /* Build configuration list for PBXNativeTarget "gitClientTests" */ = {
			isa = XCConfigurationList;
			buildConfigurations = (
				C1C3BE451D436BDE001A0E50 /* Debug */,
				C1C3BE461D436BDE001A0E50 /* Release */,
			);
			defaultConfigurationIsVisible = 0;
			defaultConfigurationName = Release;
		};
/* End XCConfigurationList section */
	};
	rootObject = C1C3BE171D436BDE001A0E50 /* Project object */;
}
